// !$*UTF8*$!
{
	archiveVersion = 1;
	classes = {
	};
	objectVersion = 56;
	objects = {

/* Begin PBXBuildFile section */
		2792F0CBBEE6EB5FDDD617DF /* Pods_SeoulGoTests.framework in Frameworks */ = {isa = PBXBuildFile; fileRef = BE21F22FF40B1CCBB9E5A9DB /* Pods_SeoulGoTests.framework */; };
		2A0103562B3F1CB10042797F /* HomeView.swift in Sources */ = {isa = PBXBuildFile; fileRef = 2A0103552B3F1CB10042797F /* HomeView.swift */; };
		2A12307A2B3F30C0006BFE34 /* SeoulDataModel.swift in Sources */ = {isa = PBXBuildFile; fileRef = 2A1230792B3F30C0006BFE34 /* SeoulDataModel.swift */; };
		2A2C81132B4BB9320011707A /* SwiftSoup in Frameworks */ = {isa = PBXBuildFile; productRef = 2A2C81122B4BB9320011707A /* SwiftSoup */; };
		2A465B032B46833F00345046 /* Network.swift in Sources */ = {isa = PBXBuildFile; fileRef = 2A465B022B46833F00345046 /* Network.swift */; };
		2A4BD5752B4852D90003CBC6 /* Enum + Extension.swift in Sources */ = {isa = PBXBuildFile; fileRef = 2A4BD5742B4852D90003CBC6 /* Enum + Extension.swift */; };
		2A6BCE5F2B3F1A7500396357 /* SeoulGoApp.swift in Sources */ = {isa = PBXBuildFile; fileRef = 2A6BCE5E2B3F1A7500396357 /* SeoulGoApp.swift */; };
		2A6BCE612B3F1A7500396357 /* ContentView.swift in Sources */ = {isa = PBXBuildFile; fileRef = 2A6BCE602B3F1A7500396357 /* ContentView.swift */; };
		2A6BCE652B3F1A7600396357 /* Assets.xcassets in Resources */ = {isa = PBXBuildFile; fileRef = 2A6BCE642B3F1A7600396357 /* Assets.xcassets */; };
		2A6BCE682B3F1A7600396357 /* Preview Assets.xcassets in Resources */ = {isa = PBXBuildFile; fileRef = 2A6BCE672B3F1A7600396357 /* Preview Assets.xcassets */; };
		2A6BCE722B3F1A7600396357 /* SeoulGoTests.swift in Sources */ = {isa = PBXBuildFile; fileRef = 2A6BCE712B3F1A7600396357 /* SeoulGoTests.swift */; };
		2A6BCE7C2B3F1A7600396357 /* SeoulGoUITests.swift in Sources */ = {isa = PBXBuildFile; fileRef = 2A6BCE7B2B3F1A7600396357 /* SeoulGoUITests.swift */; };
		2A6BCE7E2B3F1A7600396357 /* SeoulGoUITestsLaunchTests.swift in Sources */ = {isa = PBXBuildFile; fileRef = 2A6BCE7D2B3F1A7600396357 /* SeoulGoUITestsLaunchTests.swift */; };
		2AA68EE92B502FF20015A9B8 /* WebKit.swift in Sources */ = {isa = PBXBuildFile; fileRef = 2AA68EE82B502FF20015A9B8 /* WebKit.swift */; };
		2AA68EEB2B5033E60015A9B8 /* SFSafariView.swift in Sources */ = {isa = PBXBuildFile; fileRef = 2AA68EEA2B5033E60015A9B8 /* SFSafariView.swift */; };
		2AF28FF52B4D2BA200D483C5 /* DetailView.swift in Sources */ = {isa = PBXBuildFile; fileRef = 2AF28FF42B4D2BA200D483C5 /* DetailView.swift */; };
		2AF28FF72B4D948300D483C5 /* NaverMap.swift in Sources */ = {isa = PBXBuildFile; fileRef = 2AF28FF62B4D948300D483C5 /* NaverMap.swift */; };
		C4FA53A22CF0FA9511EE8B04 /* Pods_SeoulGo.framework in Frameworks */ = {isa = PBXBuildFile; fileRef = 0679ADB29173E30316ADFDAF /* Pods_SeoulGo.framework */; };
		D979BFD0CBAA49850E4A05B2 /* Pods_SeoulGo_SeoulGoUITests.framework in Frameworks */ = {isa = PBXBuildFile; fileRef = AC62B101C2E15422161C392C /* Pods_SeoulGo_SeoulGoUITests.framework */; };
/* End PBXBuildFile section */

/* Begin PBXContainerItemProxy section */
		2A6BCE6E2B3F1A7600396357 /* PBXContainerItemProxy */ = {
			isa = PBXContainerItemProxy;
			containerPortal = 2A6BCE532B3F1A7500396357 /* Project object */;
			proxyType = 1;
			remoteGlobalIDString = 2A6BCE5A2B3F1A7500396357;
			remoteInfo = SeoulGo;
		};
		2A6BCE782B3F1A7600396357 /* PBXContainerItemProxy */ = {
			isa = PBXContainerItemProxy;
			containerPortal = 2A6BCE532B3F1A7500396357 /* Project object */;
			proxyType = 1;
			remoteGlobalIDString = 2A6BCE5A2B3F1A7500396357;
			remoteInfo = SeoulGo;
		};
/* End PBXContainerItemProxy section */

/* Begin PBXFileReference section */
		0679ADB29173E30316ADFDAF /* Pods_SeoulGo.framework */ = {isa = PBXFileReference; explicitFileType = wrapper.framework; includeInIndex = 0; path = Pods_SeoulGo.framework; sourceTree = BUILT_PRODUCTS_DIR; };
		08EA52F8C86D31CBCA5B7940 /* Pods-SeoulGoTests.release.xcconfig */ = {isa = PBXFileReference; includeInIndex = 1; lastKnownFileType = text.xcconfig; name = "Pods-SeoulGoTests.release.xcconfig"; path = "Target Support Files/Pods-SeoulGoTests/Pods-SeoulGoTests.release.xcconfig"; sourceTree = "<group>"; };
		1129F66E880380BD8D09FADD /* Pods-SeoulGoTests.debug.xcconfig */ = {isa = PBXFileReference; includeInIndex = 1; lastKnownFileType = text.xcconfig; name = "Pods-SeoulGoTests.debug.xcconfig"; path = "Target Support Files/Pods-SeoulGoTests/Pods-SeoulGoTests.debug.xcconfig"; sourceTree = "<group>"; };
		2447606CFD548A53A40479C2 /* Pods-SeoulGo.release.xcconfig */ = {isa = PBXFileReference; includeInIndex = 1; lastKnownFileType = text.xcconfig; name = "Pods-SeoulGo.release.xcconfig"; path = "Target Support Files/Pods-SeoulGo/Pods-SeoulGo.release.xcconfig"; sourceTree = "<group>"; };
		2A0103552B3F1CB10042797F /* HomeView.swift */ = {isa = PBXFileReference; lastKnownFileType = sourcecode.swift; path = HomeView.swift; sourceTree = "<group>"; };
		2A1230792B3F30C0006BFE34 /* SeoulDataModel.swift */ = {isa = PBXFileReference; lastKnownFileType = sourcecode.swift; path = SeoulDataModel.swift; sourceTree = "<group>"; };
		2A465B022B46833F00345046 /* Network.swift */ = {isa = PBXFileReference; lastKnownFileType = sourcecode.swift; path = Network.swift; sourceTree = "<group>"; };
		2A465B042B468A1A00345046 /* Info.plist */ = {isa = PBXFileReference; lastKnownFileType = text.plist; path = Info.plist; sourceTree = "<group>"; };
		2A4BD5742B4852D90003CBC6 /* Enum + Extension.swift */ = {isa = PBXFileReference; lastKnownFileType = sourcecode.swift; path = "Enum + Extension.swift"; sourceTree = "<group>"; };
		2A6BCE5B2B3F1A7500396357 /* SeoulGo.app */ = {isa = PBXFileReference; explicitFileType = wrapper.application; includeInIndex = 0; path = SeoulGo.app; sourceTree = BUILT_PRODUCTS_DIR; };
		2A6BCE5E2B3F1A7500396357 /* SeoulGoApp.swift */ = {isa = PBXFileReference; lastKnownFileType = sourcecode.swift; path = SeoulGoApp.swift; sourceTree = "<group>"; };
		2A6BCE602B3F1A7500396357 /* ContentView.swift */ = {isa = PBXFileReference; lastKnownFileType = sourcecode.swift; path = ContentView.swift; sourceTree = "<group>"; };
		2A6BCE642B3F1A7600396357 /* Assets.xcassets */ = {isa = PBXFileReference; lastKnownFileType = folder.assetcatalog; path = Assets.xcassets; sourceTree = "<group>"; };
		2A6BCE672B3F1A7600396357 /* Preview Assets.xcassets */ = {isa = PBXFileReference; lastKnownFileType = folder.assetcatalog; path = "Preview Assets.xcassets"; sourceTree = "<group>"; };
		2A6BCE6D2B3F1A7600396357 /* SeoulGoTests.xctest */ = {isa = PBXFileReference; explicitFileType = wrapper.cfbundle; includeInIndex = 0; path = SeoulGoTests.xctest; sourceTree = BUILT_PRODUCTS_DIR; };
		2A6BCE712B3F1A7600396357 /* SeoulGoTests.swift */ = {isa = PBXFileReference; lastKnownFileType = sourcecode.swift; path = SeoulGoTests.swift; sourceTree = "<group>"; };
		2A6BCE772B3F1A7600396357 /* SeoulGoUITests.xctest */ = {isa = PBXFileReference; explicitFileType = wrapper.cfbundle; includeInIndex = 0; path = SeoulGoUITests.xctest; sourceTree = BUILT_PRODUCTS_DIR; };
		2A6BCE7B2B3F1A7600396357 /* SeoulGoUITests.swift */ = {isa = PBXFileReference; lastKnownFileType = sourcecode.swift; path = SeoulGoUITests.swift; sourceTree = "<group>"; };
		2A6BCE7D2B3F1A7600396357 /* SeoulGoUITestsLaunchTests.swift */ = {isa = PBXFileReference; lastKnownFileType = sourcecode.swift; path = SeoulGoUITestsLaunchTests.swift; sourceTree = "<group>"; };
		2AA68EE82B502FF20015A9B8 /* WebKit.swift */ = {isa = PBXFileReference; lastKnownFileType = sourcecode.swift; path = WebKit.swift; sourceTree = "<group>"; };
		2AA68EEA2B5033E60015A9B8 /* SFSafariView.swift */ = {isa = PBXFileReference; lastKnownFileType = sourcecode.swift; path = SFSafariView.swift; sourceTree = "<group>"; };
		2AF28FF42B4D2BA200D483C5 /* DetailView.swift */ = {isa = PBXFileReference; lastKnownFileType = sourcecode.swift; path = DetailView.swift; sourceTree = "<group>"; };
		2AF28FF62B4D948300D483C5 /* NaverMap.swift */ = {isa = PBXFileReference; lastKnownFileType = sourcecode.swift; path = NaverMap.swift; sourceTree = "<group>"; };
		69F6B41FEB91DD62E9A927A0 /* Pods-SeoulGo-SeoulGoUITests.release.xcconfig */ = {isa = PBXFileReference; includeInIndex = 1; lastKnownFileType = text.xcconfig; name = "Pods-SeoulGo-SeoulGoUITests.release.xcconfig"; path = "Target Support Files/Pods-SeoulGo-SeoulGoUITests/Pods-SeoulGo-SeoulGoUITests.release.xcconfig"; sourceTree = "<group>"; };
		AC62B101C2E15422161C392C /* Pods_SeoulGo_SeoulGoUITests.framework */ = {isa = PBXFileReference; explicitFileType = wrapper.framework; includeInIndex = 0; path = Pods_SeoulGo_SeoulGoUITests.framework; sourceTree = BUILT_PRODUCTS_DIR; };
		BE21F22FF40B1CCBB9E5A9DB /* Pods_SeoulGoTests.framework */ = {isa = PBXFileReference; explicitFileType = wrapper.framework; includeInIndex = 0; path = Pods_SeoulGoTests.framework; sourceTree = BUILT_PRODUCTS_DIR; };
		E007EE3E406E0612DB96F708 /* Pods-SeoulGo-SeoulGoUITests.debug.xcconfig */ = {isa = PBXFileReference; includeInIndex = 1; lastKnownFileType = text.xcconfig; name = "Pods-SeoulGo-SeoulGoUITests.debug.xcconfig"; path = "Target Support Files/Pods-SeoulGo-SeoulGoUITests/Pods-SeoulGo-SeoulGoUITests.debug.xcconfig"; sourceTree = "<group>"; };
		F54BAB3063DDC907997565C5 /* Pods-SeoulGo.debug.xcconfig */ = {isa = PBXFileReference; includeInIndex = 1; lastKnownFileType = text.xcconfig; name = "Pods-SeoulGo.debug.xcconfig"; path = "Target Support Files/Pods-SeoulGo/Pods-SeoulGo.debug.xcconfig"; sourceTree = "<group>"; };
/* End PBXFileReference section */

/* Begin PBXFrameworksBuildPhase section */
		2A6BCE582B3F1A7500396357 /* Frameworks */ = {
			isa = PBXFrameworksBuildPhase;
			buildActionMask = 2147483647;
			files = (
				2A2C81132B4BB9320011707A /* SwiftSoup in Frameworks */,
				C4FA53A22CF0FA9511EE8B04 /* Pods_SeoulGo.framework in Frameworks */,
			);
			runOnlyForDeploymentPostprocessing = 0;
		};
		2A6BCE6A2B3F1A7600396357 /* Frameworks */ = {
			isa = PBXFrameworksBuildPhase;
			buildActionMask = 2147483647;
			files = (
				2792F0CBBEE6EB5FDDD617DF /* Pods_SeoulGoTests.framework in Frameworks */,
			);
			runOnlyForDeploymentPostprocessing = 0;
		};
		2A6BCE742B3F1A7600396357 /* Frameworks */ = {
			isa = PBXFrameworksBuildPhase;
			buildActionMask = 2147483647;
			files = (
				D979BFD0CBAA49850E4A05B2 /* Pods_SeoulGo_SeoulGoUITests.framework in Frameworks */,
			);
			runOnlyForDeploymentPostprocessing = 0;
		};
/* End PBXFrameworksBuildPhase section */

/* Begin PBXGroup section */
		2A6BCE522B3F1A7500396357 = {
			isa = PBXGroup;
			children = (
				2A6BCE5D2B3F1A7500396357 /* SeoulGo */,
				2A6BCE702B3F1A7600396357 /* SeoulGoTests */,
				2A6BCE7A2B3F1A7600396357 /* SeoulGoUITests */,
				2A6BCE5C2B3F1A7500396357 /* Products */,
				9B044D6630C82C0B01D89CB5 /* Pods */,
				EB46650A53A28C24B36F43DD /* Frameworks */,
			);
			sourceTree = "<group>";
		};
		2A6BCE5C2B3F1A7500396357 /* Products */ = {
			isa = PBXGroup;
			children = (
				2A6BCE5B2B3F1A7500396357 /* SeoulGo.app */,
				2A6BCE6D2B3F1A7600396357 /* SeoulGoTests.xctest */,
				2A6BCE772B3F1A7600396357 /* SeoulGoUITests.xctest */,
			);
			name = Products;
			sourceTree = "<group>";
		};
		2A6BCE5D2B3F1A7500396357 /* SeoulGo */ = {
			isa = PBXGroup;
			children = (
				2A465B042B468A1A00345046 /* Info.plist */,
				2A6BCE5E2B3F1A7500396357 /* SeoulGoApp.swift */,
				2A6BCE602B3F1A7500396357 /* ContentView.swift */,
				2A0103552B3F1CB10042797F /* HomeView.swift */,
				2A4BD5742B4852D90003CBC6 /* Enum + Extension.swift */,
				2AF28FF42B4D2BA200D483C5 /* DetailView.swift */,
				2A1230792B3F30C0006BFE34 /* SeoulDataModel.swift */,
				2AF28FF62B4D948300D483C5 /* NaverMap.swift */,
				2AA68EE82B502FF20015A9B8 /* WebKit.swift */,
				2A465B022B46833F00345046 /* Network.swift */,
				2AA68EEA2B5033E60015A9B8 /* SFSafariView.swift */,
				2A6BCE642B3F1A7600396357 /* Assets.xcassets */,
				2A6BCE662B3F1A7600396357 /* Preview Content */,
			);
			path = SeoulGo;
			sourceTree = "<group>";
		};
		2A6BCE662B3F1A7600396357 /* Preview Content */ = {
			isa = PBXGroup;
			children = (
				2A6BCE672B3F1A7600396357 /* Preview Assets.xcassets */,
			);
			path = "Preview Content";
			sourceTree = "<group>";
		};
		2A6BCE702B3F1A7600396357 /* SeoulGoTests */ = {
			isa = PBXGroup;
			children = (
				2A6BCE712B3F1A7600396357 /* SeoulGoTests.swift */,
			);
			path = SeoulGoTests;
			sourceTree = "<group>";
		};
		2A6BCE7A2B3F1A7600396357 /* SeoulGoUITests */ = {
			isa = PBXGroup;
			children = (
				2A6BCE7B2B3F1A7600396357 /* SeoulGoUITests.swift */,
				2A6BCE7D2B3F1A7600396357 /* SeoulGoUITestsLaunchTests.swift */,
			);
			path = SeoulGoUITests;
			sourceTree = "<group>";
		};
		9B044D6630C82C0B01D89CB5 /* Pods */ = {
			isa = PBXGroup;
			children = (
				F54BAB3063DDC907997565C5 /* Pods-SeoulGo.debug.xcconfig */,
				2447606CFD548A53A40479C2 /* Pods-SeoulGo.release.xcconfig */,
				E007EE3E406E0612DB96F708 /* Pods-SeoulGo-SeoulGoUITests.debug.xcconfig */,
				69F6B41FEB91DD62E9A927A0 /* Pods-SeoulGo-SeoulGoUITests.release.xcconfig */,
				1129F66E880380BD8D09FADD /* Pods-SeoulGoTests.debug.xcconfig */,
				08EA52F8C86D31CBCA5B7940 /* Pods-SeoulGoTests.release.xcconfig */,
			);
			path = Pods;
			sourceTree = "<group>";
		};
		EB46650A53A28C24B36F43DD /* Frameworks */ = {
			isa = PBXGroup;
			children = (
				0679ADB29173E30316ADFDAF /* Pods_SeoulGo.framework */,
				AC62B101C2E15422161C392C /* Pods_SeoulGo_SeoulGoUITests.framework */,
				BE21F22FF40B1CCBB9E5A9DB /* Pods_SeoulGoTests.framework */,
			);
			name = Frameworks;
			sourceTree = "<group>";
		};
/* End PBXGroup section */

/* Begin PBXNativeTarget section */
		2A6BCE5A2B3F1A7500396357 /* SeoulGo */ = {
			isa = PBXNativeTarget;
			buildConfigurationList = 2A6BCE812B3F1A7600396357 /* Build configuration list for PBXNativeTarget "SeoulGo" */;
			buildPhases = (
				48044F59FBDD2B62CCDA5AB9 /* [CP] Check Pods Manifest.lock */,
				2A6BCE572B3F1A7500396357 /* Sources */,
				2A6BCE582B3F1A7500396357 /* Frameworks */,
				2A6BCE592B3F1A7500396357 /* Resources */,
				16CBE4DD4AB643A6723C6DAA /* [CP] Embed Pods Frameworks */,
			);
			buildRules = (
			);
			dependencies = (
			);
			name = SeoulGo;
			packageProductDependencies = (
				2A2C81122B4BB9320011707A /* SwiftSoup */,
			);
			productName = SeoulGo;
			productReference = 2A6BCE5B2B3F1A7500396357 /* SeoulGo.app */;
			productType = "com.apple.product-type.application";
		};
		2A6BCE6C2B3F1A7600396357 /* SeoulGoTests */ = {
			isa = PBXNativeTarget;
			buildConfigurationList = 2A6BCE842B3F1A7600396357 /* Build configuration list for PBXNativeTarget "SeoulGoTests" */;
			buildPhases = (
				4A61AD1CB35E4E14E26E25A2 /* [CP] Check Pods Manifest.lock */,
				2A6BCE692B3F1A7600396357 /* Sources */,
				2A6BCE6A2B3F1A7600396357 /* Frameworks */,
				2A6BCE6B2B3F1A7600396357 /* Resources */,
			);
			buildRules = (
			);
			dependencies = (
				2A6BCE6F2B3F1A7600396357 /* PBXTargetDependency */,
			);
			name = SeoulGoTests;
			productName = SeoulGoTests;
			productReference = 2A6BCE6D2B3F1A7600396357 /* SeoulGoTests.xctest */;
			productType = "com.apple.product-type.bundle.unit-test";
		};
		2A6BCE762B3F1A7600396357 /* SeoulGoUITests */ = {
			isa = PBXNativeTarget;
			buildConfigurationList = 2A6BCE872B3F1A7600396357 /* Build configuration list for PBXNativeTarget "SeoulGoUITests" */;
			buildPhases = (
				0EE61B8B8546AC0D1B574B60 /* [CP] Check Pods Manifest.lock */,
				2A6BCE732B3F1A7600396357 /* Sources */,
				2A6BCE742B3F1A7600396357 /* Frameworks */,
				2A6BCE752B3F1A7600396357 /* Resources */,
				3DCF981EFA9DBA02CFE9B127 /* [CP] Embed Pods Frameworks */,
			);
			buildRules = (
			);
			dependencies = (
				2A6BCE792B3F1A7600396357 /* PBXTargetDependency */,
			);
			name = SeoulGoUITests;
			productName = SeoulGoUITests;
			productReference = 2A6BCE772B3F1A7600396357 /* SeoulGoUITests.xctest */;
			productType = "com.apple.product-type.bundle.ui-testing";
		};
/* End PBXNativeTarget section */

/* Begin PBXProject section */
		2A6BCE532B3F1A7500396357 /* Project object */ = {
			isa = PBXProject;
			attributes = {
				BuildIndependentTargetsInParallel = 1;
				LastSwiftUpdateCheck = 1510;
				LastUpgradeCheck = 1510;
				TargetAttributes = {
					2A6BCE5A2B3F1A7500396357 = {
						CreatedOnToolsVersion = 15.1;
					};
					2A6BCE6C2B3F1A7600396357 = {
						CreatedOnToolsVersion = 15.1;
						TestTargetID = 2A6BCE5A2B3F1A7500396357;
					};
					2A6BCE762B3F1A7600396357 = {
						CreatedOnToolsVersion = 15.1;
						TestTargetID = 2A6BCE5A2B3F1A7500396357;
					};
				};
			};
			buildConfigurationList = 2A6BCE562B3F1A7500396357 /* Build configuration list for PBXProject "SeoulGo" */;
			compatibilityVersion = "Xcode 14.0";
			developmentRegion = en;
			hasScannedForEncodings = 0;
			knownRegions = (
				en,
				Base,
			);
			mainGroup = 2A6BCE522B3F1A7500396357;
			packageReferences = (
				2A2C81112B4BB9320011707A /* XCRemoteSwiftPackageReference "SwiftSoup" */,
			);
			productRefGroup = 2A6BCE5C2B3F1A7500396357 /* Products */;
			projectDirPath = "";
			projectRoot = "";
			targets = (
				2A6BCE5A2B3F1A7500396357 /* SeoulGo */,
				2A6BCE6C2B3F1A7600396357 /* SeoulGoTests */,
				2A6BCE762B3F1A7600396357 /* SeoulGoUITests */,
			);
		};
/* End PBXProject section */

/* Begin PBXResourcesBuildPhase section */
		2A6BCE592B3F1A7500396357 /* Resources */ = {
			isa = PBXResourcesBuildPhase;
			buildActionMask = 2147483647;
			files = (
				2A6BCE682B3F1A7600396357 /* Preview Assets.xcassets in Resources */,
				2A6BCE652B3F1A7600396357 /* Assets.xcassets in Resources */,
			);
			runOnlyForDeploymentPostprocessing = 0;
		};
		2A6BCE6B2B3F1A7600396357 /* Resources */ = {
			isa = PBXResourcesBuildPhase;
			buildActionMask = 2147483647;
			files = (
			);
			runOnlyForDeploymentPostprocessing = 0;
		};
		2A6BCE752B3F1A7600396357 /* Resources */ = {
			isa = PBXResourcesBuildPhase;
			buildActionMask = 2147483647;
			files = (
			);
			runOnlyForDeploymentPostprocessing = 0;
		};
/* End PBXResourcesBuildPhase section */

/* Begin PBXShellScriptBuildPhase section */
		0EE61B8B8546AC0D1B574B60 /* [CP] Check Pods Manifest.lock */ = {
			isa = PBXShellScriptBuildPhase;
			buildActionMask = 2147483647;
			files = (
			);
			inputFileListPaths = (
			);
			inputPaths = (
				"${PODS_PODFILE_DIR_PATH}/Podfile.lock",
				"${PODS_ROOT}/Manifest.lock",
			);
			name = "[CP] Check Pods Manifest.lock";
			outputFileListPaths = (
			);
			outputPaths = (
				"$(DERIVED_FILE_DIR)/Pods-SeoulGo-SeoulGoUITests-checkManifestLockResult.txt",
			);
			runOnlyForDeploymentPostprocessing = 0;
			shellPath = /bin/sh;
			shellScript = "diff \"${PODS_PODFILE_DIR_PATH}/Podfile.lock\" \"${PODS_ROOT}/Manifest.lock\" > /dev/null\nif [ $? != 0 ] ; then\n    # print error to STDERR\n    echo \"error: The sandbox is not in sync with the Podfile.lock. Run 'pod install' or update your CocoaPods installation.\" >&2\n    exit 1\nfi\n# This output is used by Xcode 'outputs' to avoid re-running this script phase.\necho \"SUCCESS\" > \"${SCRIPT_OUTPUT_FILE_0}\"\n";
			showEnvVarsInLog = 0;
		};
		16CBE4DD4AB643A6723C6DAA /* [CP] Embed Pods Frameworks */ = {
			isa = PBXShellScriptBuildPhase;
			buildActionMask = 2147483647;
			files = (
			);
			inputFileListPaths = (
				"${PODS_ROOT}/Target Support Files/Pods-SeoulGo/Pods-SeoulGo-frameworks-${CONFIGURATION}-input-files.xcfilelist",
			);
			name = "[CP] Embed Pods Frameworks";
			outputFileListPaths = (
				"${PODS_ROOT}/Target Support Files/Pods-SeoulGo/Pods-SeoulGo-frameworks-${CONFIGURATION}-output-files.xcfilelist",
			);
			runOnlyForDeploymentPostprocessing = 0;
			shellPath = /bin/sh;
			shellScript = "\"${PODS_ROOT}/Target Support Files/Pods-SeoulGo/Pods-SeoulGo-frameworks.sh\"\n";
			showEnvVarsInLog = 0;
		};
		3DCF981EFA9DBA02CFE9B127 /* [CP] Embed Pods Frameworks */ = {
			isa = PBXShellScriptBuildPhase;
			buildActionMask = 2147483647;
			files = (
			);
			inputFileListPaths = (
				"${PODS_ROOT}/Target Support Files/Pods-SeoulGo-SeoulGoUITests/Pods-SeoulGo-SeoulGoUITests-frameworks-${CONFIGURATION}-input-files.xcfilelist",
			);
			name = "[CP] Embed Pods Frameworks";
			outputFileListPaths = (
				"${PODS_ROOT}/Target Support Files/Pods-SeoulGo-SeoulGoUITests/Pods-SeoulGo-SeoulGoUITests-frameworks-${CONFIGURATION}-output-files.xcfilelist",
			);
			runOnlyForDeploymentPostprocessing = 0;
			shellPath = /bin/sh;
			shellScript = "\"${PODS_ROOT}/Target Support Files/Pods-SeoulGo-SeoulGoUITests/Pods-SeoulGo-SeoulGoUITests-frameworks.sh\"\n";
			showEnvVarsInLog = 0;
		};
		48044F59FBDD2B62CCDA5AB9 /* [CP] Check Pods Manifest.lock */ = {
			isa = PBXShellScriptBuildPhase;
			buildActionMask = 2147483647;
			files = (
			);
			inputFileListPaths = (
			);
			inputPaths = (
				"${PODS_PODFILE_DIR_PATH}/Podfile.lock",
				"${PODS_ROOT}/Manifest.lock",
			);
			name = "[CP] Check Pods Manifest.lock";
			outputFileListPaths = (
			);
			outputPaths = (
				"$(DERIVED_FILE_DIR)/Pods-SeoulGo-checkManifestLockResult.txt",
			);
			runOnlyForDeploymentPostprocessing = 0;
			shellPath = /bin/sh;
			shellScript = "diff \"${PODS_PODFILE_DIR_PATH}/Podfile.lock\" \"${PODS_ROOT}/Manifest.lock\" > /dev/null\nif [ $? != 0 ] ; then\n    # print error to STDERR\n    echo \"error: The sandbox is not in sync with the Podfile.lock. Run 'pod install' or update your CocoaPods installation.\" >&2\n    exit 1\nfi\n# This output is used by Xcode 'outputs' to avoid re-running this script phase.\necho \"SUCCESS\" > \"${SCRIPT_OUTPUT_FILE_0}\"\n";
			showEnvVarsInLog = 0;
		};
		4A61AD1CB35E4E14E26E25A2 /* [CP] Check Pods Manifest.lock */ = {
			isa = PBXShellScriptBuildPhase;
			buildActionMask = 2147483647;
			files = (
			);
			inputFileListPaths = (
			);
			inputPaths = (
				"${PODS_PODFILE_DIR_PATH}/Podfile.lock",
				"${PODS_ROOT}/Manifest.lock",
			);
			name = "[CP] Check Pods Manifest.lock";
			outputFileListPaths = (
			);
			outputPaths = (
				"$(DERIVED_FILE_DIR)/Pods-SeoulGoTests-checkManifestLockResult.txt",
			);
			runOnlyForDeploymentPostprocessing = 0;
			shellPath = /bin/sh;
			shellScript = "diff \"${PODS_PODFILE_DIR_PATH}/Podfile.lock\" \"${PODS_ROOT}/Manifest.lock\" > /dev/null\nif [ $? != 0 ] ; then\n    # print error to STDERR\n    echo \"error: The sandbox is not in sync with the Podfile.lock. Run 'pod install' or update your CocoaPods installation.\" >&2\n    exit 1\nfi\n# This output is used by Xcode 'outputs' to avoid re-running this script phase.\necho \"SUCCESS\" > \"${SCRIPT_OUTPUT_FILE_0}\"\n";
			showEnvVarsInLog = 0;
		};
/* End PBXShellScriptBuildPhase section */

/* Begin PBXSourcesBuildPhase section */
		2A6BCE572B3F1A7500396357 /* Sources */ = {
			isa = PBXSourcesBuildPhase;
			buildActionMask = 2147483647;
			files = (
				2AA68EE92B502FF20015A9B8 /* WebKit.swift in Sources */,
				2A465B032B46833F00345046 /* Network.swift in Sources */,
				2A6BCE612B3F1A7500396357 /* ContentView.swift in Sources */,
				2A4BD5752B4852D90003CBC6 /* Enum + Extension.swift in Sources */,
				2AF28FF72B4D948300D483C5 /* NaverMap.swift in Sources */,
				2AF28FF52B4D2BA200D483C5 /* DetailView.swift in Sources */,
				2A0103562B3F1CB10042797F /* HomeView.swift in Sources */,
				2AA68EEB2B5033E60015A9B8 /* SFSafariView.swift in Sources */,
				2A12307A2B3F30C0006BFE34 /* SeoulDataModel.swift in Sources */,
				2A6BCE5F2B3F1A7500396357 /* SeoulGoApp.swift in Sources */,
			);
			runOnlyForDeploymentPostprocessing = 0;
		};
		2A6BCE692B3F1A7600396357 /* Sources */ = {
			isa = PBXSourcesBuildPhase;
			buildActionMask = 2147483647;
			files = (
				2A6BCE722B3F1A7600396357 /* SeoulGoTests.swift in Sources */,
			);
			runOnlyForDeploymentPostprocessing = 0;
		};
		2A6BCE732B3F1A7600396357 /* Sources */ = {
			isa = PBXSourcesBuildPhase;
			buildActionMask = 2147483647;
			files = (
				2A6BCE7C2B3F1A7600396357 /* SeoulGoUITests.swift in Sources */,
				2A6BCE7E2B3F1A7600396357 /* SeoulGoUITestsLaunchTests.swift in Sources */,
			);
			runOnlyForDeploymentPostprocessing = 0;
		};
/* End PBXSourcesBuildPhase section */

/* Begin PBXTargetDependency section */
		2A6BCE6F2B3F1A7600396357 /* PBXTargetDependency */ = {
			isa = PBXTargetDependency;
			target = 2A6BCE5A2B3F1A7500396357 /* SeoulGo */;
			targetProxy = 2A6BCE6E2B3F1A7600396357 /* PBXContainerItemProxy */;
		};
		2A6BCE792B3F1A7600396357 /* PBXTargetDependency */ = {
			isa = PBXTargetDependency;
			target = 2A6BCE5A2B3F1A7500396357 /* SeoulGo */;
			targetProxy = 2A6BCE782B3F1A7600396357 /* PBXContainerItemProxy */;
		};
/* End PBXTargetDependency section */

/* Begin XCBuildConfiguration section */
		2A6BCE7F2B3F1A7600396357 /* Debug */ = {
			isa = XCBuildConfiguration;
			buildSettings = {
				ALWAYS_SEARCH_USER_PATHS = NO;
				ASSETCATALOG_COMPILER_GENERATE_SWIFT_ASSET_SYMBOL_EXTENSIONS = YES;
				CLANG_ANALYZER_NONNULL = YES;
				CLANG_ANALYZER_NUMBER_OBJECT_CONVERSION = YES_AGGRESSIVE;
				CLANG_CXX_LANGUAGE_STANDARD = "gnu++20";
				CLANG_ENABLE_MODULES = YES;
				CLANG_ENABLE_OBJC_ARC = YES;
				CLANG_ENABLE_OBJC_WEAK = YES;
				CLANG_WARN_BLOCK_CAPTURE_AUTORELEASING = YES;
				CLANG_WARN_BOOL_CONVERSION = YES;
				CLANG_WARN_COMMA = YES;
				CLANG_WARN_CONSTANT_CONVERSION = YES;
				CLANG_WARN_DEPRECATED_OBJC_IMPLEMENTATIONS = YES;
				CLANG_WARN_DIRECT_OBJC_ISA_USAGE = YES_ERROR;
				CLANG_WARN_DOCUMENTATION_COMMENTS = YES;
				CLANG_WARN_EMPTY_BODY = YES;
				CLANG_WARN_ENUM_CONVERSION = YES;
				CLANG_WARN_INFINITE_RECURSION = YES;
				CLANG_WARN_INT_CONVERSION = YES;
				CLANG_WARN_NON_LITERAL_NULL_CONVERSION = YES;
				CLANG_WARN_OBJC_IMPLICIT_RETAIN_SELF = YES;
				CLANG_WARN_OBJC_LITERAL_CONVERSION = YES;
				CLANG_WARN_OBJC_ROOT_CLASS = YES_ERROR;
				CLANG_WARN_QUOTED_INCLUDE_IN_FRAMEWORK_HEADER = YES;
				CLANG_WARN_RANGE_LOOP_ANALYSIS = YES;
				CLANG_WARN_STRICT_PROTOTYPES = YES;
				CLANG_WARN_SUSPICIOUS_MOVE = YES;
				CLANG_WARN_UNGUARDED_AVAILABILITY = YES_AGGRESSIVE;
				CLANG_WARN_UNREACHABLE_CODE = YES;
				CLANG_WARN__DUPLICATE_METHOD_MATCH = YES;
				COPY_PHASE_STRIP = NO;
				DEBUG_INFORMATION_FORMAT = dwarf;
				ENABLE_STRICT_OBJC_MSGSEND = YES;
				ENABLE_TESTABILITY = YES;
				ENABLE_USER_SCRIPT_SANDBOXING = NO;
				GCC_C_LANGUAGE_STANDARD = gnu17;
				GCC_DYNAMIC_NO_PIC = NO;
				GCC_NO_COMMON_BLOCKS = YES;
				GCC_OPTIMIZATION_LEVEL = 0;
				GCC_PREPROCESSOR_DEFINITIONS = (
					"DEBUG=1",
					"$(inherited)",
				);
				GCC_WARN_64_TO_32_BIT_CONVERSION = YES;
				GCC_WARN_ABOUT_RETURN_TYPE = YES_ERROR;
				GCC_WARN_UNDECLARED_SELECTOR = YES;
				GCC_WARN_UNINITIALIZED_AUTOS = YES_AGGRESSIVE;
				GCC_WARN_UNUSED_FUNCTION = YES;
				GCC_WARN_UNUSED_VARIABLE = YES;
				IPHONEOS_DEPLOYMENT_TARGET = 17.2;
				LOCALIZATION_PREFERS_STRING_CATALOGS = YES;
				MTL_ENABLE_DEBUG_INFO = INCLUDE_SOURCE;
				MTL_FAST_MATH = YES;
				ONLY_ACTIVE_ARCH = YES;
				SDKROOT = iphoneos;
				SWIFT_ACTIVE_COMPILATION_CONDITIONS = "DEBUG $(inherited)";
				SWIFT_OPTIMIZATION_LEVEL = "-Onone";
			};
			name = Debug;
		};
		2A6BCE802B3F1A7600396357 /* Release */ = {
			isa = XCBuildConfiguration;
			buildSettings = {
				ALWAYS_SEARCH_USER_PATHS = NO;
				ASSETCATALOG_COMPILER_GENERATE_SWIFT_ASSET_SYMBOL_EXTENSIONS = YES;
				CLANG_ANALYZER_NONNULL = YES;
				CLANG_ANALYZER_NUMBER_OBJECT_CONVERSION = YES_AGGRESSIVE;
				CLANG_CXX_LANGUAGE_STANDARD = "gnu++20";
				CLANG_ENABLE_MODULES = YES;
				CLANG_ENABLE_OBJC_ARC = YES;
				CLANG_ENABLE_OBJC_WEAK = YES;
				CLANG_WARN_BLOCK_CAPTURE_AUTORELEASING = YES;
				CLANG_WARN_BOOL_CONVERSION = YES;
				CLANG_WARN_COMMA = YES;
				CLANG_WARN_CONSTANT_CONVERSION = YES;
				CLANG_WARN_DEPRECATED_OBJC_IMPLEMENTATIONS = YES;
				CLANG_WARN_DIRECT_OBJC_ISA_USAGE = YES_ERROR;
				CLANG_WARN_DOCUMENTATION_COMMENTS = YES;
				CLANG_WARN_EMPTY_BODY = YES;
				CLANG_WARN_ENUM_CONVERSION = YES;
				CLANG_WARN_INFINITE_RECURSION = YES;
				CLANG_WARN_INT_CONVERSION = YES;
				CLANG_WARN_NON_LITERAL_NULL_CONVERSION = YES;
				CLANG_WARN_OBJC_IMPLICIT_RETAIN_SELF = YES;
				CLANG_WARN_OBJC_LITERAL_CONVERSION = YES;
				CLANG_WARN_OBJC_ROOT_CLASS = YES_ERROR;
				CLANG_WARN_QUOTED_INCLUDE_IN_FRAMEWORK_HEADER = YES;
				CLANG_WARN_RANGE_LOOP_ANALYSIS = YES;
				CLANG_WARN_STRICT_PROTOTYPES = YES;
				CLANG_WARN_SUSPICIOUS_MOVE = YES;
				CLANG_WARN_UNGUARDED_AVAILABILITY = YES_AGGRESSIVE;
				CLANG_WARN_UNREACHABLE_CODE = YES;
				CLANG_WARN__DUPLICATE_METHOD_MATCH = YES;
				COPY_PHASE_STRIP = NO;
				DEBUG_INFORMATION_FORMAT = "dwarf-with-dsym";
				ENABLE_NS_ASSERTIONS = NO;
				ENABLE_STRICT_OBJC_MSGSEND = YES;
				ENABLE_USER_SCRIPT_SANDBOXING = NO;
				GCC_C_LANGUAGE_STANDARD = gnu17;
				GCC_NO_COMMON_BLOCKS = YES;
				GCC_WARN_64_TO_32_BIT_CONVERSION = YES;
				GCC_WARN_ABOUT_RETURN_TYPE = YES_ERROR;
				GCC_WARN_UNDECLARED_SELECTOR = YES;
				GCC_WARN_UNINITIALIZED_AUTOS = YES_AGGRESSIVE;
				GCC_WARN_UNUSED_FUNCTION = YES;
				GCC_WARN_UNUSED_VARIABLE = YES;
				IPHONEOS_DEPLOYMENT_TARGET = 17.2;
				LOCALIZATION_PREFERS_STRING_CATALOGS = YES;
				MTL_ENABLE_DEBUG_INFO = NO;
				MTL_FAST_MATH = YES;
				SDKROOT = iphoneos;
				SWIFT_COMPILATION_MODE = wholemodule;
				VALIDATE_PRODUCT = YES;
			};
			name = Release;
		};
		2A6BCE822B3F1A7600396357 /* Debug */ = {
			isa = XCBuildConfiguration;
			baseConfigurationReference = F54BAB3063DDC907997565C5 /* Pods-SeoulGo.debug.xcconfig */;
			buildSettings = {
				ASSETCATALOG_COMPILER_APPICON_NAME = AppIcon;
				ASSETCATALOG_COMPILER_GLOBAL_ACCENT_COLOR_NAME = AccentColor;
				CODE_SIGN_STYLE = Automatic;
				CURRENT_PROJECT_VERSION = 1;
				DEVELOPMENT_ASSET_PATHS = "\"SeoulGo/Preview Content\"";
				DEVELOPMENT_TEAM = M76T92YWCS;
				ENABLE_PREVIEWS = YES;
				GENERATE_INFOPLIST_FILE = YES;
				INFOPLIST_FILE = SeoulGo/Info.plist;
				INFOPLIST_KEY_UIApplicationSceneManifest_Generation = YES;
				INFOPLIST_KEY_UIApplicationSupportsIndirectInputEvents = YES;
				INFOPLIST_KEY_UISupportedInterfaceOrientations_iPad = "UIInterfaceOrientationPortrait UIInterfaceOrientationPortraitUpsideDown UIInterfaceOrientationLandscapeLeft UIInterfaceOrientationLandscapeRight";
				INFOPLIST_KEY_UISupportedInterfaceOrientations_iPhone = "UIInterfaceOrientationPortrait UIInterfaceOrientationLandscapeLeft UIInterfaceOrientationLandscapeRight";
				IPHONEOS_DEPLOYMENT_TARGET = 16.3;
				LD_RUNPATH_SEARCH_PATHS = (
					"$(inherited)",
					"@executable_path/Frameworks",
				);
				MARKETING_VERSION = 1.0;
				PRODUCT_BUNDLE_IDENTIFIER = kaikim.SeoulGo;
				PRODUCT_NAME = "$(TARGET_NAME)";
				SUPPORTED_PLATFORMS = "iphoneos iphonesimulator";
				SUPPORTS_MACCATALYST = NO;
				SUPPORTS_MAC_DESIGNED_FOR_IPHONE_IPAD = NO;
				SWIFT_EMIT_LOC_STRINGS = YES;
				SWIFT_VERSION = 5.0;
				TARGETED_DEVICE_FAMILY = 1;
			};
			name = Debug;
		};
		2A6BCE832B3F1A7600396357 /* Release */ = {
			isa = XCBuildConfiguration;
			baseConfigurationReference = 2447606CFD548A53A40479C2 /* Pods-SeoulGo.release.xcconfig */;
			buildSettings = {
				ASSETCATALOG_COMPILER_APPICON_NAME = AppIcon;
				ASSETCATALOG_COMPILER_GLOBAL_ACCENT_COLOR_NAME = AccentColor;
				CODE_SIGN_STYLE = Automatic;
				CURRENT_PROJECT_VERSION = 1;
				DEVELOPMENT_ASSET_PATHS = "\"SeoulGo/Preview Content\"";
				DEVELOPMENT_TEAM = M76T92YWCS;
				ENABLE_PREVIEWS = YES;
				GENERATE_INFOPLIST_FILE = YES;
				INFOPLIST_FILE = SeoulGo/Info.plist;
				INFOPLIST_KEY_UIApplicationSceneManifest_Generation = YES;
				INFOPLIST_KEY_UIApplicationSupportsIndirectInputEvents = YES;
				INFOPLIST_KEY_UISupportedInterfaceOrientations_iPad = "UIInterfaceOrientationPortrait UIInterfaceOrientationPortraitUpsideDown UIInterfaceOrientationLandscapeLeft UIInterfaceOrientationLandscapeRight";
				INFOPLIST_KEY_UISupportedInterfaceOrientations_iPhone = "UIInterfaceOrientationPortrait UIInterfaceOrientationLandscapeLeft UIInterfaceOrientationLandscapeRight";
				IPHONEOS_DEPLOYMENT_TARGET = 16.3;
				LD_RUNPATH_SEARCH_PATHS = (
					"$(inherited)",
					"@executable_path/Frameworks",
				);
				MARKETING_VERSION = 1.0;
				PRODUCT_BUNDLE_IDENTIFIER = kaikim.SeoulGo;
				PRODUCT_NAME = "$(TARGET_NAME)";
				SUPPORTED_PLATFORMS = "iphoneos iphonesimulator";
				SUPPORTS_MACCATALYST = NO;
				SUPPORTS_MAC_DESIGNED_FOR_IPHONE_IPAD = NO;
				SWIFT_EMIT_LOC_STRINGS = YES;
				SWIFT_VERSION = 5.0;
				TARGETED_DEVICE_FAMILY = 1;
			};
			name = Release;
		};
		2A6BCE852B3F1A7600396357 /* Debug */ = {
			isa = XCBuildConfiguration;
			baseConfigurationReference = 1129F66E880380BD8D09FADD /* Pods-SeoulGoTests.debug.xcconfig */;
			buildSettings = {
				ALWAYS_EMBED_SWIFT_STANDARD_LIBRARIES = YES;
				BUNDLE_LOADER = "$(TEST_HOST)";
				CODE_SIGN_STYLE = Automatic;
				CURRENT_PROJECT_VERSION = 1;
				DEVELOPMENT_TEAM = M76T92YWCS;
				GENERATE_INFOPLIST_FILE = YES;
				IPHONEOS_DEPLOYMENT_TARGET = 17.2;
				MARKETING_VERSION = 1.0;
				PRODUCT_BUNDLE_IDENTIFIER = kaikim.SeoulGoTests;
				PRODUCT_NAME = "$(TARGET_NAME)";
				SWIFT_EMIT_LOC_STRINGS = NO;
				SWIFT_VERSION = 5.0;
				TARGETED_DEVICE_FAMILY = "1,2";
				TEST_HOST = "$(BUILT_PRODUCTS_DIR)/SeoulGo.app/$(BUNDLE_EXECUTABLE_FOLDER_PATH)/SeoulGo";
			};
			name = Debug;
		};
		2A6BCE862B3F1A7600396357 /* Release */ = {
			isa = XCBuildConfiguration;
			baseConfigurationReference = 08EA52F8C86D31CBCA5B7940 /* Pods-SeoulGoTests.release.xcconfig */;
			buildSettings = {
				ALWAYS_EMBED_SWIFT_STANDARD_LIBRARIES = YES;
				BUNDLE_LOADER = "$(TEST_HOST)";
				CODE_SIGN_STYLE = Automatic;
				CURRENT_PROJECT_VERSION = 1;
				DEVELOPMENT_TEAM = M76T92YWCS;
				GENERATE_INFOPLIST_FILE = YES;
				IPHONEOS_DEPLOYMENT_TARGET = 17.2;
				MARKETING_VERSION = 1.0;
				PRODUCT_BUNDLE_IDENTIFIER = kaikim.SeoulGoTests;
				PRODUCT_NAME = "$(TARGET_NAME)";
				SWIFT_EMIT_LOC_STRINGS = NO;
				SWIFT_VERSION = 5.0;
				TARGETED_DEVICE_FAMILY = "1,2";
				TEST_HOST = "$(BUILT_PRODUCTS_DIR)/SeoulGo.app/$(BUNDLE_EXECUTABLE_FOLDER_PATH)/SeoulGo";
			};
			name = Release;
		};
		2A6BCE882B3F1A7600396357 /* Debug */ = {
			isa = XCBuildConfiguration;
			baseConfigurationReference = E007EE3E406E0612DB96F708 /* Pods-SeoulGo-SeoulGoUITests.debug.xcconfig */;
			buildSettings = {
				ALWAYS_EMBED_SWIFT_STANDARD_LIBRARIES = YES;
				CODE_SIGN_STYLE = Automatic;
				CURRENT_PROJECT_VERSION = 1;
				DEVELOPMENT_TEAM = M76T92YWCS;
				GENERATE_INFOPLIST_FILE = YES;
				MARKETING_VERSION = 1.0;
				PRODUCT_BUNDLE_IDENTIFIER = kaikim.SeoulGoUITests;
				PRODUCT_NAME = "$(TARGET_NAME)";
				SWIFT_EMIT_LOC_STRINGS = NO;
				SWIFT_VERSION = 5.0;
				TARGETED_DEVICE_FAMILY = "1,2";
				TEST_TARGET_NAME = SeoulGo;
			};
			name = Debug;
		};
		2A6BCE892B3F1A7600396357 /* Release */ = {
			isa = XCBuildConfiguration;
			baseConfigurationReference = 69F6B41FEB91DD62E9A927A0 /* Pods-SeoulGo-SeoulGoUITests.release.xcconfig */;
			buildSettings = {
				ALWAYS_EMBED_SWIFT_STANDARD_LIBRARIES = YES;
				CODE_SIGN_STYLE = Automatic;
				CURRENT_PROJECT_VERSION = 1;
				DEVELOPMENT_TEAM = M76T92YWCS;
				GENERATE_INFOPLIST_FILE = YES;
				MARKETING_VERSION = 1.0;
				PRODUCT_BUNDLE_IDENTIFIER = kaikim.SeoulGoUITests;
				PRODUCT_NAME = "$(TARGET_NAME)";
				SWIFT_EMIT_LOC_STRINGS = NO;
				SWIFT_VERSION = 5.0;
				TARGETED_DEVICE_FAMILY = "1,2";
				TEST_TARGET_NAME = SeoulGo;
			};
			name = Release;
		};
/* End XCBuildConfiguration section */

/* Begin XCConfigurationList section */
		2A6BCE562B3F1A7500396357 /* Build configuration list for PBXProject "SeoulGo" */ = {
			isa = XCConfigurationList;
			buildConfigurations = (
				2A6BCE7F2B3F1A7600396357 /* Debug */,
				2A6BCE802B3F1A7600396357 /* Release */,
			);
			defaultConfigurationIsVisible = 0;
			defaultConfigurationName = Release;
		};
		2A6BCE812B3F1A7600396357 /* Build configuration list for PBXNativeTarget "SeoulGo" */ = {
			isa = XCConfigurationList;
			buildConfigurations = (
				2A6BCE822B3F1A7600396357 /* Debug */,
				2A6BCE832B3F1A7600396357 /* Release */,
			);
			defaultConfigurationIsVisible = 0;
			defaultConfigurationName = Release;
		};
		2A6BCE842B3F1A7600396357 /* Build configuration list for PBXNativeTarget "SeoulGoTests" */ = {
			isa = XCConfigurationList;
			buildConfigurations = (
				2A6BCE852B3F1A7600396357 /* Debug */,
				2A6BCE862B3F1A7600396357 /* Release */,
			);
			defaultConfigurationIsVisible = 0;
			defaultConfigurationName = Release;
		};
		2A6BCE872B3F1A7600396357 /* Build configuration list for PBXNativeTarget "SeoulGoUITests" */ = {
			isa = XCConfigurationList;
			buildConfigurations = (
				2A6BCE882B3F1A7600396357 /* Debug */,
				2A6BCE892B3F1A7600396357 /* Release */,
			);
			defaultConfigurationIsVisible = 0;
			defaultConfigurationName = Release;
		};
/* End XCConfigurationList section */

/* Begin XCRemoteSwiftPackageReference section */
		2A2C81112B4BB9320011707A /* XCRemoteSwiftPackageReference "SwiftSoup" */ = {
			isa = XCRemoteSwiftPackageReference;
			repositoryURL = "https://github.com/scinfu/SwiftSoup";
			requirement = {
				kind = upToNextMajorVersion;
				minimumVersion = 2.7.0;
			};
		};
/* End XCRemoteSwiftPackageReference section */

/* Begin XCSwiftPackageProductDependency section */
		2A2C81122B4BB9320011707A /* SwiftSoup */ = {
			isa = XCSwiftPackageProductDependency;
			package = 2A2C81112B4BB9320011707A /* XCRemoteSwiftPackageReference "SwiftSoup" */;
			productName = SwiftSoup;
		};
/* End XCSwiftPackageProductDependency section */
	};
	rootObject = 2A6BCE532B3F1A7500396357 /* Project object */;
}
