// !$*UTF8*$!
{
	archiveVersion = 1;
	classes = {
	};
	objectVersion = 56;
	objects = {

/* Begin PBXBuildFile section */
		2A0103562B3F1CB10042797F /* HomeView.swift in Sources */ = {isa = PBXBuildFile; fileRef = 2A0103552B3F1CB10042797F /* HomeView.swift */; };
		2A12307A2B3F30C0006BFE34 /* SeoulDataModel.swift in Sources */ = {isa = PBXBuildFile; fileRef = 2A1230792B3F30C0006BFE34 /* SeoulDataModel.swift */; };
		2A1925332B566BF000549503 /* WidgetKit.framework in Frameworks */ = {isa = PBXBuildFile; fileRef = 2A1925322B566BEF00549503 /* WidgetKit.framework */; };
		2A1925352B566BF000549503 /* SwiftUI.framework in Frameworks */ = {isa = PBXBuildFile; fileRef = 2A1925342B566BF000549503 /* SwiftUI.framework */; };
		2A1925382B566BF000549503 /* SeoulGoWidgetBundle.swift in Sources */ = {isa = PBXBuildFile; fileRef = 2A1925372B566BF000549503 /* SeoulGoWidgetBundle.swift */; };
		2A19253C2B566BF000549503 /* SeoulGoWidget.swift in Sources */ = {isa = PBXBuildFile; fileRef = 2A19253B2B566BF000549503 /* SeoulGoWidget.swift */; };
		2A1925402B566BF100549503 /* Assets.xcassets in Resources */ = {isa = PBXBuildFile; fileRef = 2A19253F2B566BF100549503 /* Assets.xcassets */; };
		2A1925442B566BF100549503 /* SeoulGoWidgetExtension.appex in Embed Foundation Extensions */ = {isa = PBXBuildFile; fileRef = 2A1925312B566BEF00549503 /* SeoulGoWidgetExtension.appex */; settings = {ATTRIBUTES = (RemoveHeadersOnCopy, ); }; };
		2A2A8E292B63EC9F006AA339 /* Store.swift in Sources */ = {isa = PBXBuildFile; fileRef = 2A2A8E282B63EC9F006AA339 /* Store.swift */; };
		2A465B032B46833F00345046 /* Network.swift in Sources */ = {isa = PBXBuildFile; fileRef = 2A465B022B46833F00345046 /* Network.swift */; };
		2A4BD5752B4852D90003CBC6 /* Enum + Extension.swift in Sources */ = {isa = PBXBuildFile; fileRef = 2A4BD5742B4852D90003CBC6 /* Enum + Extension.swift */; };
		2A56477E2B960D0A00DC3E01 /* ToastAlert.swift in Sources */ = {isa = PBXBuildFile; fileRef = 2A56477D2B960D0A00DC3E01 /* ToastAlert.swift */; };
		2A6BCE612B3F1A7500396357 /* ContentView.swift in Sources */ = {isa = PBXBuildFile; fileRef = 2A6BCE602B3F1A7500396357 /* ContentView.swift */; };
		2A6BCE652B3F1A7600396357 /* Assets.xcassets in Resources */ = {isa = PBXBuildFile; fileRef = 2A6BCE642B3F1A7600396357 /* Assets.xcassets */; };
		2A6BCE682B3F1A7600396357 /* Preview Assets.xcassets in Resources */ = {isa = PBXBuildFile; fileRef = 2A6BCE672B3F1A7600396357 /* Preview Assets.xcassets */; };
		2A6BCE722B3F1A7600396357 /* SeoulGoTests.swift in Sources */ = {isa = PBXBuildFile; fileRef = 2A6BCE712B3F1A7600396357 /* SeoulGoTests.swift */; };
		2A6BCE7C2B3F1A7600396357 /* SeoulGoUITests.swift in Sources */ = {isa = PBXBuildFile; fileRef = 2A6BCE7B2B3F1A7600396357 /* SeoulGoUITests.swift */; };
		2A6BCE7E2B3F1A7600396357 /* SeoulGoUITestsLaunchTests.swift in Sources */ = {isa = PBXBuildFile; fileRef = 2A6BCE7D2B3F1A7600396357 /* SeoulGoUITestsLaunchTests.swift */; };
		2A7C22E62B6538C4007CC3EE /* SeoulGoApp.swift in Sources */ = {isa = PBXBuildFile; fileRef = 2A6BCE5E2B3F1A7500396357 /* SeoulGoApp.swift */; };
		2A7C22E72B6538E6007CC3EE /* Network.swift in Sources */ = {isa = PBXBuildFile; fileRef = 2A465B022B46833F00345046 /* Network.swift */; };
		2A7C22E82B6538E8007CC3EE /* SeoulDataModel.swift in Sources */ = {isa = PBXBuildFile; fileRef = 2A1230792B3F30C0006BFE34 /* SeoulDataModel.swift */; };
		2A7C22E92B6538EA007CC3EE /* Store.swift in Sources */ = {isa = PBXBuildFile; fileRef = 2A2A8E282B63EC9F006AA339 /* Store.swift */; };
		2A7C22EA2B653A5C007CC3EE /* Enum + Extension.swift in Sources */ = {isa = PBXBuildFile; fileRef = 2A4BD5742B4852D90003CBC6 /* Enum + Extension.swift */; };
		2A8FEFD72B98B32800B02B9E /* ReverseGeoModel.swift in Sources */ = {isa = PBXBuildFile; fileRef = 2A8FEFD62B98B32800B02B9E /* ReverseGeoModel.swift */; };
		2AA074E42B87378E00AC7C31 /* GoogleBanner.swift in Sources */ = {isa = PBXBuildFile; fileRef = 2AA074E32B87378E00AC7C31 /* GoogleBanner.swift */; };
		2AA68EEB2B5033E60015A9B8 /* SFSafariView.swift in Sources */ = {isa = PBXBuildFile; fileRef = 2AA68EEA2B5033E60015A9B8 /* SFSafariView.swift */; };
		2AE937AF2B5164DB00B5242B /* FavoriteView.swift in Sources */ = {isa = PBXBuildFile; fileRef = 2AE937AE2B5164DB00B5242B /* FavoriteView.swift */; };
		2AF28FF52B4D2BA200D483C5 /* DetailView.swift in Sources */ = {isa = PBXBuildFile; fileRef = 2AF28FF42B4D2BA200D483C5 /* DetailView.swift */; };
		2AF28FF72B4D948300D483C5 /* NaverMap.swift in Sources */ = {isa = PBXBuildFile; fileRef = 2AF28FF62B4D948300D483C5 /* NaverMap.swift */; };
		3E45149D5A87FC0806337617 /* Pods_SeoulGoWidgetExtension.framework in Frameworks */ = {isa = PBXBuildFile; fileRef = ABB1F77AEB84BA4F7AA38487 /* Pods_SeoulGoWidgetExtension.framework */; };
		5AB4A2E0EF275AB731373969 /* Pods_SeoulGo_SeoulGoUITests.framework in Frameworks */ = {isa = PBXBuildFile; fileRef = 3056281F451DB8B6247B219F /* Pods_SeoulGo_SeoulGoUITests.framework */; };
		7E489A434A3635229034B61A /* Pods_SeoulGoTests.framework in Frameworks */ = {isa = PBXBuildFile; fileRef = 2F197E293DD5FFBBCA777546 /* Pods_SeoulGoTests.framework */; };
		CF1C549B2363DE53671D3C4E /* Pods_SeoulGo.framework in Frameworks */ = {isa = PBXBuildFile; fileRef = 13B8C6F386D10E31135E4D6B /* Pods_SeoulGo.framework */; };
/* End PBXBuildFile section */

/* Begin PBXContainerItemProxy section */
		2A1925422B566BF100549503 /* PBXContainerItemProxy */ = {
			isa = PBXContainerItemProxy;
			containerPortal = 2A6BCE532B3F1A7500396357 /* Project object */;
			proxyType = 1;
			remoteGlobalIDString = 2A1925302B566BEF00549503;
			remoteInfo = SeoulGoWidgetExtension;
		};
		2A6BCE6E2B3F1A7600396357 /* PBXContainerItemProxy */ = {
			isa = PBXContainerItemProxy;
			containerPortal = 2A6BCE532B3F1A7500396357 /* Project object */;
			proxyType = 1;
			remoteGlobalIDString = 2A6BCE5A2B3F1A7500396357;
			remoteInfo = SeoulGo;
		};
		2A6BCE782B3F1A7600396357 /* PBXContainerItemProxy */ = {
			isa = PBXContainerItemProxy;
			containerPortal = 2A6BCE532B3F1A7500396357 /* Project object */;
			proxyType = 1;
			remoteGlobalIDString = 2A6BCE5A2B3F1A7500396357;
			remoteInfo = SeoulGo;
		};
/* End PBXContainerItemProxy section */

/* Begin PBXCopyFilesBuildPhase section */
		2A1925452B566BF100549503 /* Embed Foundation Extensions */ = {
			isa = PBXCopyFilesBuildPhase;
			buildActionMask = 2147483647;
			dstPath = "";
			dstSubfolderSpec = 13;
			files = (
				2A1925442B566BF100549503 /* SeoulGoWidgetExtension.appex in Embed Foundation Extensions */,
			);
			name = "Embed Foundation Extensions";
			runOnlyForDeploymentPostprocessing = 0;
		};
/* End PBXCopyFilesBuildPhase section */

/* Begin PBXFileReference section */
		093FF45B5BA66D730C85938C /* Pods-SeoulGoTests.debug.xcconfig */ = {isa = PBXFileReference; includeInIndex = 1; lastKnownFileType = text.xcconfig; name = "Pods-SeoulGoTests.debug.xcconfig"; path = "Target Support Files/Pods-SeoulGoTests/Pods-SeoulGoTests.debug.xcconfig"; sourceTree = "<group>"; };
		13B8C6F386D10E31135E4D6B /* Pods_SeoulGo.framework */ = {isa = PBXFileReference; explicitFileType = wrapper.framework; includeInIndex = 0; path = Pods_SeoulGo.framework; sourceTree = BUILT_PRODUCTS_DIR; };
		2A0103552B3F1CB10042797F /* HomeView.swift */ = {isa = PBXFileReference; lastKnownFileType = sourcecode.swift; path = HomeView.swift; sourceTree = "<group>"; };
		2A1230792B3F30C0006BFE34 /* SeoulDataModel.swift */ = {isa = PBXFileReference; lastKnownFileType = sourcecode.swift; path = SeoulDataModel.swift; sourceTree = "<group>"; };
		2A1925312B566BEF00549503 /* SeoulGoWidgetExtension.appex */ = {isa = PBXFileReference; explicitFileType = "wrapper.app-extension"; includeInIndex = 0; path = SeoulGoWidgetExtension.appex; sourceTree = BUILT_PRODUCTS_DIR; };
		2A1925322B566BEF00549503 /* WidgetKit.framework */ = {isa = PBXFileReference; lastKnownFileType = wrapper.framework; name = WidgetKit.framework; path = System/Library/Frameworks/WidgetKit.framework; sourceTree = SDKROOT; };
		2A1925342B566BF000549503 /* SwiftUI.framework */ = {isa = PBXFileReference; lastKnownFileType = wrapper.framework; name = SwiftUI.framework; path = System/Library/Frameworks/SwiftUI.framework; sourceTree = SDKROOT; };
		2A1925372B566BF000549503 /* SeoulGoWidgetBundle.swift */ = {isa = PBXFileReference; lastKnownFileType = sourcecode.swift; path = SeoulGoWidgetBundle.swift; sourceTree = "<group>"; };
		2A19253B2B566BF000549503 /* SeoulGoWidget.swift */ = {isa = PBXFileReference; lastKnownFileType = sourcecode.swift; path = SeoulGoWidget.swift; sourceTree = "<group>"; };
		2A19253F2B566BF100549503 /* Assets.xcassets */ = {isa = PBXFileReference; lastKnownFileType = folder.assetcatalog; path = Assets.xcassets; sourceTree = "<group>"; };
		2A1925412B566BF100549503 /* Info.plist */ = {isa = PBXFileReference; lastKnownFileType = text.plist.xml; path = Info.plist; sourceTree = "<group>"; };
		2A2A8E282B63EC9F006AA339 /* Store.swift */ = {isa = PBXFileReference; lastKnownFileType = sourcecode.swift; path = Store.swift; sourceTree = "<group>"; };
		2A465B022B46833F00345046 /* Network.swift */ = {isa = PBXFileReference; lastKnownFileType = sourcecode.swift; path = Network.swift; sourceTree = "<group>"; };
		2A465B042B468A1A00345046 /* Info.plist */ = {isa = PBXFileReference; lastKnownFileType = text.plist; path = Info.plist; sourceTree = "<group>"; };
		2A4BD5742B4852D90003CBC6 /* Enum + Extension.swift */ = {isa = PBXFileReference; lastKnownFileType = sourcecode.swift; path = "Enum + Extension.swift"; sourceTree = "<group>"; };
		2A56477D2B960D0A00DC3E01 /* ToastAlert.swift */ = {isa = PBXFileReference; lastKnownFileType = sourcecode.swift; path = ToastAlert.swift; sourceTree = "<group>"; };
		2A6BCE5B2B3F1A7500396357 /* SeoulGo.app */ = {isa = PBXFileReference; explicitFileType = wrapper.application; includeInIndex = 0; path = SeoulGo.app; sourceTree = BUILT_PRODUCTS_DIR; };
		2A6BCE5E2B3F1A7500396357 /* SeoulGoApp.swift */ = {isa = PBXFileReference; lastKnownFileType = sourcecode.swift; path = SeoulGoApp.swift; sourceTree = "<group>"; };
		2A6BCE602B3F1A7500396357 /* ContentView.swift */ = {isa = PBXFileReference; lastKnownFileType = sourcecode.swift; path = ContentView.swift; sourceTree = "<group>"; };
		2A6BCE642B3F1A7600396357 /* Assets.xcassets */ = {isa = PBXFileReference; lastKnownFileType = folder.assetcatalog; path = Assets.xcassets; sourceTree = "<group>"; };
		2A6BCE672B3F1A7600396357 /* Preview Assets.xcassets */ = {isa = PBXFileReference; lastKnownFileType = folder.assetcatalog; path = "Preview Assets.xcassets"; sourceTree = "<group>"; };
		2A6BCE6D2B3F1A7600396357 /* SeoulGoTests.xctest */ = {isa = PBXFileReference; explicitFileType = wrapper.cfbundle; includeInIndex = 0; path = SeoulGoTests.xctest; sourceTree = BUILT_PRODUCTS_DIR; };
		2A6BCE712B3F1A7600396357 /* SeoulGoTests.swift */ = {isa = PBXFileReference; lastKnownFileType = sourcecode.swift; path = SeoulGoTests.swift; sourceTree = "<group>"; };
		2A6BCE772B3F1A7600396357 /* SeoulGoUITests.xctest */ = {isa = PBXFileReference; explicitFileType = wrapper.cfbundle; includeInIndex = 0; path = SeoulGoUITests.xctest; sourceTree = BUILT_PRODUCTS_DIR; };
		2A6BCE7B2B3F1A7600396357 /* SeoulGoUITests.swift */ = {isa = PBXFileReference; lastKnownFileType = sourcecode.swift; path = SeoulGoUITests.swift; sourceTree = "<group>"; };
		2A6BCE7D2B3F1A7600396357 /* SeoulGoUITestsLaunchTests.swift */ = {isa = PBXFileReference; lastKnownFileType = sourcecode.swift; path = SeoulGoUITestsLaunchTests.swift; sourceTree = "<group>"; };
		2A8FEFD62B98B32800B02B9E /* ReverseGeoModel.swift */ = {isa = PBXFileReference; lastKnownFileType = sourcecode.swift; path = ReverseGeoModel.swift; sourceTree = "<group>"; };
		2AA074E32B87378E00AC7C31 /* GoogleBanner.swift */ = {isa = PBXFileReference; lastKnownFileType = sourcecode.swift; path = GoogleBanner.swift; sourceTree = "<group>"; };
		2AA68EEA2B5033E60015A9B8 /* SFSafariView.swift */ = {isa = PBXFileReference; lastKnownFileType = sourcecode.swift; path = SFSafariView.swift; sourceTree = "<group>"; };
		2ADAB9062B58F27600DB21E5 /* SeoulGoWidgetExtension.entitlements */ = {isa = PBXFileReference; lastKnownFileType = text.plist.entitlements; path = SeoulGoWidgetExtension.entitlements; sourceTree = "<group>"; };
		2ADAB9072B58F3B300DB21E5 /* SeoulGo.entitlements */ = {isa = PBXFileReference; lastKnownFileType = text.plist.entitlements; path = SeoulGo.entitlements; sourceTree = "<group>"; };
		2AE937AE2B5164DB00B5242B /* FavoriteView.swift */ = {isa = PBXFileReference; lastKnownFileType = sourcecode.swift; path = FavoriteView.swift; sourceTree = "<group>"; };
		2AF28FF42B4D2BA200D483C5 /* DetailView.swift */ = {isa = PBXFileReference; lastKnownFileType = sourcecode.swift; path = DetailView.swift; sourceTree = "<group>"; };
		2AF28FF62B4D948300D483C5 /* NaverMap.swift */ = {isa = PBXFileReference; lastKnownFileType = sourcecode.swift; path = NaverMap.swift; sourceTree = "<group>"; };
		2F197E293DD5FFBBCA777546 /* Pods_SeoulGoTests.framework */ = {isa = PBXFileReference; explicitFileType = wrapper.framework; includeInIndex = 0; path = Pods_SeoulGoTests.framework; sourceTree = BUILT_PRODUCTS_DIR; };
		3056281F451DB8B6247B219F /* Pods_SeoulGo_SeoulGoUITests.framework */ = {isa = PBXFileReference; explicitFileType = wrapper.framework; includeInIndex = 0; path = Pods_SeoulGo_SeoulGoUITests.framework; sourceTree = BUILT_PRODUCTS_DIR; };
		408AD29C6837C1E050FCE64C /* Pods-SeoulGo-SeoulGoUITests.release.xcconfig */ = {isa = PBXFileReference; includeInIndex = 1; lastKnownFileType = text.xcconfig; name = "Pods-SeoulGo-SeoulGoUITests.release.xcconfig"; path = "Target Support Files/Pods-SeoulGo-SeoulGoUITests/Pods-SeoulGo-SeoulGoUITests.release.xcconfig"; sourceTree = "<group>"; };
		98B6D4C489CBBAB8DE82C5A5 /* Pods-SeoulGoWidgetExtension.debug.xcconfig */ = {isa = PBXFileReference; includeInIndex = 1; lastKnownFileType = text.xcconfig; name = "Pods-SeoulGoWidgetExtension.debug.xcconfig"; path = "Target Support Files/Pods-SeoulGoWidgetExtension/Pods-SeoulGoWidgetExtension.debug.xcconfig"; sourceTree = "<group>"; };
		9B7C5DD9DB2C48FD299FB676 /* Pods-SeoulGo.release.xcconfig */ = {isa = PBXFileReference; includeInIndex = 1; lastKnownFileType = text.xcconfig; name = "Pods-SeoulGo.release.xcconfig"; path = "Target Support Files/Pods-SeoulGo/Pods-SeoulGo.release.xcconfig"; sourceTree = "<group>"; };
		A525A3CE4C774D05878ED0F4 /* Pods-SeoulGo.debug.xcconfig */ = {isa = PBXFileReference; includeInIndex = 1; lastKnownFileType = text.xcconfig; name = "Pods-SeoulGo.debug.xcconfig"; path = "Target Support Files/Pods-SeoulGo/Pods-SeoulGo.debug.xcconfig"; sourceTree = "<group>"; };
		ABB1F77AEB84BA4F7AA38487 /* Pods_SeoulGoWidgetExtension.framework */ = {isa = PBXFileReference; explicitFileType = wrapper.framework; includeInIndex = 0; path = Pods_SeoulGoWidgetExtension.framework; sourceTree = BUILT_PRODUCTS_DIR; };
		C9A30FCE8A3F366688DDF071 /* Pods-SeoulGo-SeoulGoUITests.debug.xcconfig */ = {isa = PBXFileReference; includeInIndex = 1; lastKnownFileType = text.xcconfig; name = "Pods-SeoulGo-SeoulGoUITests.debug.xcconfig"; path = "Target Support Files/Pods-SeoulGo-SeoulGoUITests/Pods-SeoulGo-SeoulGoUITests.debug.xcconfig"; sourceTree = "<group>"; };
		D1721088972E8EFC1C306F3C /* Pods-SeoulGoWidgetExtension.release.xcconfig */ = {isa = PBXFileReference; includeInIndex = 1; lastKnownFileType = text.xcconfig; name = "Pods-SeoulGoWidgetExtension.release.xcconfig"; path = "Target Support Files/Pods-SeoulGoWidgetExtension/Pods-SeoulGoWidgetExtension.release.xcconfig"; sourceTree = "<group>"; };
		DBB11D960C093B40B12977DF /* Pods-SeoulGoTests.release.xcconfig */ = {isa = PBXFileReference; includeInIndex = 1; lastKnownFileType = text.xcconfig; name = "Pods-SeoulGoTests.release.xcconfig"; path = "Target Support Files/Pods-SeoulGoTests/Pods-SeoulGoTests.release.xcconfig"; sourceTree = "<group>"; };
/* End PBXFileReference section */

/* Begin PBXFrameworksBuildPhase section */
		2A19252E2B566BEF00549503 /* Frameworks */ = {
			isa = PBXFrameworksBuildPhase;
			buildActionMask = 2147483647;
			files = (
				2A1925352B566BF000549503 /* SwiftUI.framework in Frameworks */,
				2A1925332B566BF000549503 /* WidgetKit.framework in Frameworks */,
				3E45149D5A87FC0806337617 /* Pods_SeoulGoWidgetExtension.framework in Frameworks */,
			);
			runOnlyForDeploymentPostprocessing = 0;
		};
		2A6BCE582B3F1A7500396357 /* Frameworks */ = {
			isa = PBXFrameworksBuildPhase;
			buildActionMask = 2147483647;
			files = (
				CF1C549B2363DE53671D3C4E /* Pods_SeoulGo.framework in Frameworks */,
			);
			runOnlyForDeploymentPostprocessing = 0;
		};
		2A6BCE6A2B3F1A7600396357 /* Frameworks */ = {
			isa = PBXFrameworksBuildPhase;
			buildActionMask = 2147483647;
			files = (
				7E489A434A3635229034B61A /* Pods_SeoulGoTests.framework in Frameworks */,
			);
			runOnlyForDeploymentPostprocessing = 0;
		};
		2A6BCE742B3F1A7600396357 /* Frameworks */ = {
			isa = PBXFrameworksBuildPhase;
			buildActionMask = 2147483647;
			files = (
				5AB4A2E0EF275AB731373969 /* Pods_SeoulGo_SeoulGoUITests.framework in Frameworks */,
			);
			runOnlyForDeploymentPostprocessing = 0;
		};
/* End PBXFrameworksBuildPhase section */

/* Begin PBXGroup section */
		2A1925362B566BF000549503 /* SeoulGoWidget */ = {
			isa = PBXGroup;
			children = (
				2A1925372B566BF000549503 /* SeoulGoWidgetBundle.swift */,
				2A19253B2B566BF000549503 /* SeoulGoWidget.swift */,
				2A19253F2B566BF100549503 /* Assets.xcassets */,
				2A1925412B566BF100549503 /* Info.plist */,
			);
			path = SeoulGoWidget;
			sourceTree = "<group>";
		};
		2A2A8E202B63EAC1006AA339 /* View */ = {
			isa = PBXGroup;
			children = (
				2A6BCE602B3F1A7500396357 /* ContentView.swift */,
				2A0103552B3F1CB10042797F /* HomeView.swift */,
				2AF28FF42B4D2BA200D483C5 /* DetailView.swift */,
				2AE937AE2B5164DB00B5242B /* FavoriteView.swift */,
				2AA074E32B87378E00AC7C31 /* GoogleBanner.swift */,
			);
			path = View;
			sourceTree = "<group>";
		};
		2A2A8E212B63EAD3006AA339 /* ViewModel */ = {
			isa = PBXGroup;
			children = (
				2A2A8E282B63EC9F006AA339 /* Store.swift */,
			);
			path = ViewModel;
			sourceTree = "<group>";
		};
		2A2A8E222B63EAE2006AA339 /* Model */ = {
			isa = PBXGroup;
			children = (
				2A1230792B3F30C0006BFE34 /* SeoulDataModel.swift */,
				2A8FEFD62B98B32800B02B9E /* ReverseGeoModel.swift */,
			);
			path = Model;
			sourceTree = "<group>";
		};
		2A2A8E232B63EAFA006AA339 /* Utility */ = {
			isa = PBXGroup;
			children = (
				2A4BD5742B4852D90003CBC6 /* Enum + Extension.swift */,
				2A56477D2B960D0A00DC3E01 /* ToastAlert.swift */,
			);
			path = Utility;
			sourceTree = "<group>";
		};
		2A2A8E242B63EB17006AA339 /* Managers */ = {
			isa = PBXGroup;
			children = (
				2AF28FF62B4D948300D483C5 /* NaverMap.swift */,
				2AA68EEA2B5033E60015A9B8 /* SFSafariView.swift */,
				2A465B022B46833F00345046 /* Network.swift */,
			);
			path = Managers;
			sourceTree = "<group>";
		};
		2A6BCE522B3F1A7500396357 = {
			isa = PBXGroup;
			children = (
				2ADAB9062B58F27600DB21E5 /* SeoulGoWidgetExtension.entitlements */,
				2A6BCE5D2B3F1A7500396357 /* SeoulGo */,
				2A6BCE702B3F1A7600396357 /* SeoulGoTests */,
				2A6BCE7A2B3F1A7600396357 /* SeoulGoUITests */,
				2A1925362B566BF000549503 /* SeoulGoWidget */,
				2A6BCE5C2B3F1A7500396357 /* Products */,
				EB46650A53A28C24B36F43DD /* Frameworks */,
				400C7F69A01FC7C227869A7B /* Pods */,
			);
			sourceTree = "<group>";
		};
		2A6BCE5C2B3F1A7500396357 /* Products */ = {
			isa = PBXGroup;
			children = (
				2A6BCE5B2B3F1A7500396357 /* SeoulGo.app */,
				2A6BCE6D2B3F1A7600396357 /* SeoulGoTests.xctest */,
				2A6BCE772B3F1A7600396357 /* SeoulGoUITests.xctest */,
				2A1925312B566BEF00549503 /* SeoulGoWidgetExtension.appex */,
			);
			name = Products;
			sourceTree = "<group>";
		};
		2A6BCE5D2B3F1A7500396357 /* SeoulGo */ = {
			isa = PBXGroup;
			children = (
				2A6BCE5E2B3F1A7500396357 /* SeoulGoApp.swift */,
				2ADAB9072B58F3B300DB21E5 /* SeoulGo.entitlements */,
				2A465B042B468A1A00345046 /* Info.plist */,
				2A2A8E242B63EB17006AA339 /* Managers */,
				2A2A8E232B63EAFA006AA339 /* Utility */,
				2A2A8E222B63EAE2006AA339 /* Model */,
				2A2A8E212B63EAD3006AA339 /* ViewModel */,
				2A2A8E202B63EAC1006AA339 /* View */,
				2A6BCE642B3F1A7600396357 /* Assets.xcassets */,
				2A6BCE662B3F1A7600396357 /* Preview Content */,
			);
			path = SeoulGo;
			sourceTree = "<group>";
		};
		2A6BCE662B3F1A7600396357 /* Preview Content */ = {
			isa = PBXGroup;
			children = (
				2A6BCE672B3F1A7600396357 /* Preview Assets.xcassets */,
			);
			path = "Preview Content";
			sourceTree = "<group>";
		};
		2A6BCE702B3F1A7600396357 /* SeoulGoTests */ = {
			isa = PBXGroup;
			children = (
				2A6BCE712B3F1A7600396357 /* SeoulGoTests.swift */,
			);
			path = SeoulGoTests;
			sourceTree = "<group>";
		};
		2A6BCE7A2B3F1A7600396357 /* SeoulGoUITests */ = {
			isa = PBXGroup;
			children = (
				2A6BCE7B2B3F1A7600396357 /* SeoulGoUITests.swift */,
				2A6BCE7D2B3F1A7600396357 /* SeoulGoUITestsLaunchTests.swift */,
			);
			path = SeoulGoUITests;
			sourceTree = "<group>";
		};
		400C7F69A01FC7C227869A7B /* Pods */ = {
			isa = PBXGroup;
			children = (
				A525A3CE4C774D05878ED0F4 /* Pods-SeoulGo.debug.xcconfig */,
				9B7C5DD9DB2C48FD299FB676 /* Pods-SeoulGo.release.xcconfig */,
				C9A30FCE8A3F366688DDF071 /* Pods-SeoulGo-SeoulGoUITests.debug.xcconfig */,
				408AD29C6837C1E050FCE64C /* Pods-SeoulGo-SeoulGoUITests.release.xcconfig */,
				093FF45B5BA66D730C85938C /* Pods-SeoulGoTests.debug.xcconfig */,
				DBB11D960C093B40B12977DF /* Pods-SeoulGoTests.release.xcconfig */,
				98B6D4C489CBBAB8DE82C5A5 /* Pods-SeoulGoWidgetExtension.debug.xcconfig */,
				D1721088972E8EFC1C306F3C /* Pods-SeoulGoWidgetExtension.release.xcconfig */,
			);
			path = Pods;
			sourceTree = "<group>";
		};
		EB46650A53A28C24B36F43DD /* Frameworks */ = {
			isa = PBXGroup;
			children = (
				2A1925322B566BEF00549503 /* WidgetKit.framework */,
				2A1925342B566BF000549503 /* SwiftUI.framework */,
				13B8C6F386D10E31135E4D6B /* Pods_SeoulGo.framework */,
				3056281F451DB8B6247B219F /* Pods_SeoulGo_SeoulGoUITests.framework */,
				2F197E293DD5FFBBCA777546 /* Pods_SeoulGoTests.framework */,
				ABB1F77AEB84BA4F7AA38487 /* Pods_SeoulGoWidgetExtension.framework */,
			);
			name = Frameworks;
			sourceTree = "<group>";
		};
/* End PBXGroup section */

/* Begin PBXNativeTarget section */
		2A1925302B566BEF00549503 /* SeoulGoWidgetExtension */ = {
			isa = PBXNativeTarget;
			buildConfigurationList = 2A1925482B566BF100549503 /* Build configuration list for PBXNativeTarget "SeoulGoWidgetExtension" */;
			buildPhases = (
				868690FAF7E47110A2C0A11F /* [CP] Check Pods Manifest.lock */,
				2A19252D2B566BEF00549503 /* Sources */,
				2A19252E2B566BEF00549503 /* Frameworks */,
				2A19252F2B566BEF00549503 /* Resources */,
			);
			buildRules = (
			);
			dependencies = (
			);
			name = SeoulGoWidgetExtension;
			productName = SeoulGoWidgetExtension;
			productReference = 2A1925312B566BEF00549503 /* SeoulGoWidgetExtension.appex */;
			productType = "com.apple.product-type.app-extension";
		};
		2A6BCE5A2B3F1A7500396357 /* SeoulGo */ = {
			isa = PBXNativeTarget;
			buildConfigurationList = 2A6BCE812B3F1A7600396357 /* Build configuration list for PBXNativeTarget "SeoulGo" */;
			buildPhases = (
				A09ADD330CDF4FA1A02AC6A7 /* [CP] Check Pods Manifest.lock */,
				2A6BCE572B3F1A7500396357 /* Sources */,
				2A6BCE582B3F1A7500396357 /* Frameworks */,
				2A6BCE592B3F1A7500396357 /* Resources */,
				2A1925452B566BF100549503 /* Embed Foundation Extensions */,
				374A7E9C628EA000D7E5BD66 /* [CP] Embed Pods Frameworks */,
			);
			buildRules = (
			);
			dependencies = (
				2A1925432B566BF100549503 /* PBXTargetDependency */,
			);
			name = SeoulGo;
			packageProductDependencies = (
			);
			productName = SeoulGo;
			productReference = 2A6BCE5B2B3F1A7500396357 /* SeoulGo.app */;
			productType = "com.apple.product-type.application";
		};
		2A6BCE6C2B3F1A7600396357 /* SeoulGoTests */ = {
			isa = PBXNativeTarget;
			buildConfigurationList = 2A6BCE842B3F1A7600396357 /* Build configuration list for PBXNativeTarget "SeoulGoTests" */;
			buildPhases = (
				AE15C98BFE1B95389EA331AA /* [CP] Check Pods Manifest.lock */,
				2A6BCE692B3F1A7600396357 /* Sources */,
				2A6BCE6A2B3F1A7600396357 /* Frameworks */,
				2A6BCE6B2B3F1A7600396357 /* Resources */,
			);
			buildRules = (
			);
			dependencies = (
				2A6BCE6F2B3F1A7600396357 /* PBXTargetDependency */,
			);
			name = SeoulGoTests;
			productName = SeoulGoTests;
			productReference = 2A6BCE6D2B3F1A7600396357 /* SeoulGoTests.xctest */;
			productType = "com.apple.product-type.bundle.unit-test";
		};
		2A6BCE762B3F1A7600396357 /* SeoulGoUITests */ = {
			isa = PBXNativeTarget;
			buildConfigurationList = 2A6BCE872B3F1A7600396357 /* Build configuration list for PBXNativeTarget "SeoulGoUITests" */;
			buildPhases = (
				3057CD6F87E5A11FD52C64A3 /* [CP] Check Pods Manifest.lock */,
				2A6BCE732B3F1A7600396357 /* Sources */,
				2A6BCE742B3F1A7600396357 /* Frameworks */,
				2A6BCE752B3F1A7600396357 /* Resources */,
				757DC26A532613269A9D9056 /* [CP] Embed Pods Frameworks */,
			);
			buildRules = (
			);
			dependencies = (
				2A6BCE792B3F1A7600396357 /* PBXTargetDependency */,
			);
			name = SeoulGoUITests;
			productName = SeoulGoUITests;
			productReference = 2A6BCE772B3F1A7600396357 /* SeoulGoUITests.xctest */;
			productType = "com.apple.product-type.bundle.ui-testing";
		};
/* End PBXNativeTarget section */

/* Begin PBXProject section */
		2A6BCE532B3F1A7500396357 /* Project object */ = {
			isa = PBXProject;
			attributes = {
				BuildIndependentTargetsInParallel = 1;
				LastSwiftUpdateCheck = 1510;
				LastUpgradeCheck = 1510;
				TargetAttributes = {
					2A1925302B566BEF00549503 = {
						CreatedOnToolsVersion = 15.1;
					};
					2A6BCE5A2B3F1A7500396357 = {
						CreatedOnToolsVersion = 15.1;
					};
					2A6BCE6C2B3F1A7600396357 = {
						CreatedOnToolsVersion = 15.1;
						TestTargetID = 2A6BCE5A2B3F1A7500396357;
					};
					2A6BCE762B3F1A7600396357 = {
						CreatedOnToolsVersion = 15.1;
						TestTargetID = 2A6BCE5A2B3F1A7500396357;
					};
				};
			};
			buildConfigurationList = 2A6BCE562B3F1A7500396357 /* Build configuration list for PBXProject "SeoulGo" */;
			compatibilityVersion = "Xcode 14.0";
			developmentRegion = en;
			hasScannedForEncodings = 0;
			knownRegions = (
				en,
				Base,
			);
			mainGroup = 2A6BCE522B3F1A7500396357;
			packageReferences = (
			);
			productRefGroup = 2A6BCE5C2B3F1A7500396357 /* Products */;
			projectDirPath = "";
			projectRoot = "";
			targets = (
				2A6BCE5A2B3F1A7500396357 /* SeoulGo */,
				2A6BCE6C2B3F1A7600396357 /* SeoulGoTests */,
				2A6BCE762B3F1A7600396357 /* SeoulGoUITests */,
				2A1925302B566BEF00549503 /* SeoulGoWidgetExtension */,
			);
		};
/* End PBXProject section */

/* Begin PBXResourcesBuildPhase section */
		2A19252F2B566BEF00549503 /* Resources */ = {
			isa = PBXResourcesBuildPhase;
			buildActionMask = 2147483647;
			files = (
				2A1925402B566BF100549503 /* Assets.xcassets in Resources */,
			);
			runOnlyForDeploymentPostprocessing = 0;
		};
		2A6BCE592B3F1A7500396357 /* Resources */ = {
			isa = PBXResourcesBuildPhase;
			buildActionMask = 2147483647;
			files = (
				2A6BCE682B3F1A7600396357 /* Preview Assets.xcassets in Resources */,
				2A6BCE652B3F1A7600396357 /* Assets.xcassets in Resources */,
			);
			runOnlyForDeploymentPostprocessing = 0;
		};
		2A6BCE6B2B3F1A7600396357 /* Resources */ = {
			isa = PBXResourcesBuildPhase;
			buildActionMask = 2147483647;
			files = (
			);
			runOnlyForDeploymentPostprocessing = 0;
		};
		2A6BCE752B3F1A7600396357 /* Resources */ = {
			isa = PBXResourcesBuildPhase;
			buildActionMask = 2147483647;
			files = (
			);
			runOnlyForDeploymentPostprocessing = 0;
		};
/* End PBXResourcesBuildPhase section */

/* Begin PBXShellScriptBuildPhase section */
		3057CD6F87E5A11FD52C64A3 /* [CP] Check Pods Manifest.lock */ = {
			isa = PBXShellScriptBuildPhase;
			buildActionMask = 2147483647;
			files = (
			);
			inputFileListPaths = (
			);
			inputPaths = (
				"${PODS_PODFILE_DIR_PATH}/Podfile.lock",
				"${PODS_ROOT}/Manifest.lock",
			);
			name = "[CP] Check Pods Manifest.lock";
			outputFileListPaths = (
			);
			outputPaths = (
				"$(DERIVED_FILE_DIR)/Pods-SeoulGo-SeoulGoUITests-checkManifestLockResult.txt",
			);
			runOnlyForDeploymentPostprocessing = 0;
			shellPath = /bin/sh;
			shellScript = "diff \"${PODS_PODFILE_DIR_PATH}/Podfile.lock\" \"${PODS_ROOT}/Manifest.lock\" > /dev/null\nif [ $? != 0 ] ; then\n    # print error to STDERR\n    echo \"error: The sandbox is not in sync with the Podfile.lock. Run 'pod install' or update your CocoaPods installation.\" >&2\n    exit 1\nfi\n# This output is used by Xcode 'outputs' to avoid re-running this script phase.\necho \"SUCCESS\" > \"${SCRIPT_OUTPUT_FILE_0}\"\n";
			showEnvVarsInLog = 0;
		};
		374A7E9C628EA000D7E5BD66 /* [CP] Embed Pods Frameworks */ = {
			isa = PBXShellScriptBuildPhase;
			buildActionMask = 2147483647;
			files = (
			);
			inputFileListPaths = (
				"${PODS_ROOT}/Target Support Files/Pods-SeoulGo/Pods-SeoulGo-frameworks-${CONFIGURATION}-input-files.xcfilelist",
			);
			name = "[CP] Embed Pods Frameworks";
			outputFileListPaths = (
				"${PODS_ROOT}/Target Support Files/Pods-SeoulGo/Pods-SeoulGo-frameworks-${CONFIGURATION}-output-files.xcfilelist",
			);
			runOnlyForDeploymentPostprocessing = 0;
			shellPath = /bin/sh;
			shellScript = "\"${PODS_ROOT}/Target Support Files/Pods-SeoulGo/Pods-SeoulGo-frameworks.sh\"\n";
			showEnvVarsInLog = 0;
		};
		757DC26A532613269A9D9056 /* [CP] Embed Pods Frameworks */ = {
			isa = PBXShellScriptBuildPhase;
			buildActionMask = 2147483647;
			files = (
			);
			inputFileListPaths = (
				"${PODS_ROOT}/Target Support Files/Pods-SeoulGo-SeoulGoUITests/Pods-SeoulGo-SeoulGoUITests-frameworks-${CONFIGURATION}-input-files.xcfilelist",
			);
			name = "[CP] Embed Pods Frameworks";
			outputFileListPaths = (
				"${PODS_ROOT}/Target Support Files/Pods-SeoulGo-SeoulGoUITests/Pods-SeoulGo-SeoulGoUITests-frameworks-${CONFIGURATION}-output-files.xcfilelist",
			);
			runOnlyForDeploymentPostprocessing = 0;
			shellPath = /bin/sh;
			shellScript = "\"${PODS_ROOT}/Target Support Files/Pods-SeoulGo-SeoulGoUITests/Pods-SeoulGo-SeoulGoUITests-frameworks.sh\"\n";
			showEnvVarsInLog = 0;
		};
		868690FAF7E47110A2C0A11F /* [CP] Check Pods Manifest.lock */ = {
			isa = PBXShellScriptBuildPhase;
			buildActionMask = 2147483647;
			files = (
			);
			inputFileListPaths = (
			);
			inputPaths = (
				"${PODS_PODFILE_DIR_PATH}/Podfile.lock",
				"${PODS_ROOT}/Manifest.lock",
			);
			name = "[CP] Check Pods Manifest.lock";
			outputFileListPaths = (
			);
			outputPaths = (
				"$(DERIVED_FILE_DIR)/Pods-SeoulGoWidgetExtension-checkManifestLockResult.txt",
			);
			runOnlyForDeploymentPostprocessing = 0;
			shellPath = /bin/sh;
			shellScript = "diff \"${PODS_PODFILE_DIR_PATH}/Podfile.lock\" \"${PODS_ROOT}/Manifest.lock\" > /dev/null\nif [ $? != 0 ] ; then\n    # print error to STDERR\n    echo \"error: The sandbox is not in sync with the Podfile.lock. Run 'pod install' or update your CocoaPods installation.\" >&2\n    exit 1\nfi\n# This output is used by Xcode 'outputs' to avoid re-running this script phase.\necho \"SUCCESS\" > \"${SCRIPT_OUTPUT_FILE_0}\"\n";
			showEnvVarsInLog = 0;
		};
		A09ADD330CDF4FA1A02AC6A7 /* [CP] Check Pods Manifest.lock */ = {
			isa = PBXShellScriptBuildPhase;
			buildActionMask = 2147483647;
			files = (
			);
			inputFileListPaths = (
			);
			inputPaths = (
				"${PODS_PODFILE_DIR_PATH}/Podfile.lock",
				"${PODS_ROOT}/Manifest.lock",
			);
			name = "[CP] Check Pods Manifest.lock";
			outputFileListPaths = (
			);
			outputPaths = (
				"$(DERIVED_FILE_DIR)/Pods-SeoulGo-checkManifestLockResult.txt",
			);
			runOnlyForDeploymentPostprocessing = 0;
			shellPath = /bin/sh;
			shellScript = "diff \"${PODS_PODFILE_DIR_PATH}/Podfile.lock\" \"${PODS_ROOT}/Manifest.lock\" > /dev/null\nif [ $? != 0 ] ; then\n    # print error to STDERR\n    echo \"error: The sandbox is not in sync with the Podfile.lock. Run 'pod install' or update your CocoaPods installation.\" >&2\n    exit 1\nfi\n# This output is used by Xcode 'outputs' to avoid re-running this script phase.\necho \"SUCCESS\" > \"${SCRIPT_OUTPUT_FILE_0}\"\n";
			showEnvVarsInLog = 0;
		};
		AE15C98BFE1B95389EA331AA /* [CP] Check Pods Manifest.lock */ = {
			isa = PBXShellScriptBuildPhase;
			buildActionMask = 2147483647;
			files = (
			);
			inputFileListPaths = (
			);
			inputPaths = (
				"${PODS_PODFILE_DIR_PATH}/Podfile.lock",
				"${PODS_ROOT}/Manifest.lock",
			);
			name = "[CP] Check Pods Manifest.lock";
			outputFileListPaths = (
			);
			outputPaths = (
				"$(DERIVED_FILE_DIR)/Pods-SeoulGoTests-checkManifestLockResult.txt",
			);
			runOnlyForDeploymentPostprocessing = 0;
			shellPath = /bin/sh;
			shellScript = "diff \"${PODS_PODFILE_DIR_PATH}/Podfile.lock\" \"${PODS_ROOT}/Manifest.lock\" > /dev/null\nif [ $? != 0 ] ; then\n    # print error to STDERR\n    echo \"error: The sandbox is not in sync with the Podfile.lock. Run 'pod install' or update your CocoaPods installation.\" >&2\n    exit 1\nfi\n# This output is used by Xcode 'outputs' to avoid re-running this script phase.\necho \"SUCCESS\" > \"${SCRIPT_OUTPUT_FILE_0}\"\n";
			showEnvVarsInLog = 0;
		};
/* End PBXShellScriptBuildPhase section */

/* Begin PBXSourcesBuildPhase section */
		2A19252D2B566BEF00549503 /* Sources */ = {
			isa = PBXSourcesBuildPhase;
			buildActionMask = 2147483647;
			files = (
				2A7C22E92B6538EA007CC3EE /* Store.swift in Sources */,
				2A7C22E72B6538E6007CC3EE /* Network.swift in Sources */,
				2A1925382B566BF000549503 /* SeoulGoWidgetBundle.swift in Sources */,
				2A7C22E82B6538E8007CC3EE /* SeoulDataModel.swift in Sources */,
				2A7C22EA2B653A5C007CC3EE /* Enum + Extension.swift in Sources */,
				2A19253C2B566BF000549503 /* SeoulGoWidget.swift in Sources */,
			);
			runOnlyForDeploymentPostprocessing = 0;
		};
		2A6BCE572B3F1A7500396357 /* Sources */ = {
			isa = PBXSourcesBuildPhase;
			buildActionMask = 2147483647;
			files = (
				2A465B032B46833F00345046 /* Network.swift in Sources */,
				2A7C22E62B6538C4007CC3EE /* SeoulGoApp.swift in Sources */,
				2A6BCE612B3F1A7500396357 /* ContentView.swift in Sources */,
				2A2A8E292B63EC9F006AA339 /* Store.swift in Sources */,
				2A4BD5752B4852D90003CBC6 /* Enum + Extension.swift in Sources */,
				2AF28FF72B4D948300D483C5 /* NaverMap.swift in Sources */,
				2AE937AF2B5164DB00B5242B /* FavoriteView.swift in Sources */,
				2A8FEFD72B98B32800B02B9E /* ReverseGeoModel.swift in Sources */,
				2A56477E2B960D0A00DC3E01 /* ToastAlert.swift in Sources */,
				2AF28FF52B4D2BA200D483C5 /* DetailView.swift in Sources */,
				2A0103562B3F1CB10042797F /* HomeView.swift in Sources */,
				2AA68EEB2B5033E60015A9B8 /* SFSafariView.swift in Sources */,
				2AA074E42B87378E00AC7C31 /* GoogleBanner.swift in Sources */,
				2A12307A2B3F30C0006BFE34 /* SeoulDataModel.swift in Sources */,
			);
			runOnlyForDeploymentPostprocessing = 0;
		};
		2A6BCE692B3F1A7600396357 /* Sources */ = {
			isa = PBXSourcesBuildPhase;
			buildActionMask = 2147483647;
			files = (
				2A6BCE722B3F1A7600396357 /* SeoulGoTests.swift in Sources */,
			);
			runOnlyForDeploymentPostprocessing = 0;
		};
		2A6BCE732B3F1A7600396357 /* Sources */ = {
			isa = PBXSourcesBuildPhase;
			buildActionMask = 2147483647;
			files = (
				2A6BCE7C2B3F1A7600396357 /* SeoulGoUITests.swift in Sources */,
				2A6BCE7E2B3F1A7600396357 /* SeoulGoUITestsLaunchTests.swift in Sources */,
			);
			runOnlyForDeploymentPostprocessing = 0;
		};
/* End PBXSourcesBuildPhase section */

/* Begin PBXTargetDependency section */
		2A1925432B566BF100549503 /* PBXTargetDependency */ = {
			isa = PBXTargetDependency;
			target = 2A1925302B566BEF00549503 /* SeoulGoWidgetExtension */;
			targetProxy = 2A1925422B566BF100549503 /* PBXContainerItemProxy */;
		};
		2A6BCE6F2B3F1A7600396357 /* PBXTargetDependency */ = {
			isa = PBXTargetDependency;
			target = 2A6BCE5A2B3F1A7500396357 /* SeoulGo */;
			targetProxy = 2A6BCE6E2B3F1A7600396357 /* PBXContainerItemProxy */;
		};
		2A6BCE792B3F1A7600396357 /* PBXTargetDependency */ = {
			isa = PBXTargetDependency;
			target = 2A6BCE5A2B3F1A7500396357 /* SeoulGo */;
			targetProxy = 2A6BCE782B3F1A7600396357 /* PBXContainerItemProxy */;
		};
/* End PBXTargetDependency section */

/* Begin XCBuildConfiguration section */
		2A1925462B566BF100549503 /* Debug */ = {
			isa = XCBuildConfiguration;
			baseConfigurationReference = 98B6D4C489CBBAB8DE82C5A5 /* Pods-SeoulGoWidgetExtension.debug.xcconfig */;
			buildSettings = {
				ASSETCATALOG_COMPILER_GLOBAL_ACCENT_COLOR_NAME = AccentColor;
				ASSETCATALOG_COMPILER_WIDGET_BACKGROUND_COLOR_NAME = WidgetBackground;
				CODE_SIGN_ENTITLEMENTS = SeoulGoWidgetExtension.entitlements;
				CODE_SIGN_STYLE = Automatic;
				CURRENT_PROJECT_VERSION = 1;
				DEVELOPMENT_TEAM = M76T92YWCS;
				ENABLE_USER_SCRIPT_SANDBOXING = YES;
				GENERATE_INFOPLIST_FILE = YES;
				INFOPLIST_FILE = SeoulGoWidget/Info.plist;
				INFOPLIST_KEY_CFBundleDisplayName = SeoulGoWidget;
				INFOPLIST_KEY_NSHumanReadableCopyright = "";
				LD_RUNPATH_SEARCH_PATHS = (
					"$(inherited)",
					"@executable_path/Frameworks",
					"@executable_path/../../Frameworks",
				);
				MARKETING_VERSION = 1.0;
				PRODUCT_BUNDLE_IDENTIFIER = kaikim.SeoulGo.SeoulGoWidget;
				PRODUCT_NAME = "$(TARGET_NAME)";
				SKIP_INSTALL = YES;
				SWIFT_EMIT_LOC_STRINGS = YES;
				SWIFT_VERSION = 5.0;
				TARGETED_DEVICE_FAMILY = "1,2";
			};
			name = Debug;
		};
		2A1925472B566BF100549503 /* Release */ = {
			isa = XCBuildConfiguration;
			baseConfigurationReference = D1721088972E8EFC1C306F3C /* Pods-SeoulGoWidgetExtension.release.xcconfig */;
			buildSettings = {
				ASSETCATALOG_COMPILER_GLOBAL_ACCENT_COLOR_NAME = AccentColor;
				ASSETCATALOG_COMPILER_WIDGET_BACKGROUND_COLOR_NAME = WidgetBackground;
				CODE_SIGN_ENTITLEMENTS = SeoulGoWidgetExtension.entitlements;
				CODE_SIGN_STYLE = Automatic;
				CURRENT_PROJECT_VERSION = 1;
				DEVELOPMENT_TEAM = M76T92YWCS;
				ENABLE_USER_SCRIPT_SANDBOXING = YES;
				GENERATE_INFOPLIST_FILE = YES;
				INFOPLIST_FILE = SeoulGoWidget/Info.plist;
				INFOPLIST_KEY_CFBundleDisplayName = SeoulGoWidget;
				INFOPLIST_KEY_NSHumanReadableCopyright = "";
				LD_RUNPATH_SEARCH_PATHS = (
					"$(inherited)",
					"@executable_path/Frameworks",
					"@executable_path/../../Frameworks",
				);
				MARKETING_VERSION = 1.0;
				PRODUCT_BUNDLE_IDENTIFIER = kaikim.SeoulGo.SeoulGoWidget;
				PRODUCT_NAME = "$(TARGET_NAME)";
				SKIP_INSTALL = YES;
				SWIFT_EMIT_LOC_STRINGS = YES;
				SWIFT_VERSION = 5.0;
				TARGETED_DEVICE_FAMILY = "1,2";
			};
			name = Release;
		};
		2A6BCE7F2B3F1A7600396357 /* Debug */ = {
			isa = XCBuildConfiguration;
			buildSettings = {
				ALWAYS_SEARCH_USER_PATHS = NO;
				ASSETCATALOG_COMPILER_GENERATE_SWIFT_ASSET_SYMBOL_EXTENSIONS = YES;
				CLANG_ANALYZER_NONNULL = YES;
				CLANG_ANALYZER_NUMBER_OBJECT_CONVERSION = YES_AGGRESSIVE;
				CLANG_CXX_LANGUAGE_STANDARD = "gnu++20";
				CLANG_ENABLE_MODULES = YES;
				CLANG_ENABLE_OBJC_ARC = YES;
				CLANG_ENABLE_OBJC_WEAK = YES;
				CLANG_WARN_BLOCK_CAPTURE_AUTORELEASING = YES;
				CLANG_WARN_BOOL_CONVERSION = YES;
				CLANG_WARN_COMMA = YES;
				CLANG_WARN_CONSTANT_CONVERSION = YES;
				CLANG_WARN_DEPRECATED_OBJC_IMPLEMENTATIONS = YES;
				CLANG_WARN_DIRECT_OBJC_ISA_USAGE = YES_ERROR;
				CLANG_WARN_DOCUMENTATION_COMMENTS = YES;
				CLANG_WARN_EMPTY_BODY = YES;
				CLANG_WARN_ENUM_CONVERSION = YES;
				CLANG_WARN_INFINITE_RECURSION = YES;
				CLANG_WARN_INT_CONVERSION = YES;
				CLANG_WARN_NON_LITERAL_NULL_CONVERSION = YES;
				CLANG_WARN_OBJC_IMPLICIT_RETAIN_SELF = YES;
				CLANG_WARN_OBJC_LITERAL_CONVERSION = YES;
				CLANG_WARN_OBJC_ROOT_CLASS = YES_ERROR;
				CLANG_WARN_QUOTED_INCLUDE_IN_FRAMEWORK_HEADER = YES;
				CLANG_WARN_RANGE_LOOP_ANALYSIS = YES;
				CLANG_WARN_STRICT_PROTOTYPES = YES;
				CLANG_WARN_SUSPICIOUS_MOVE = YES;
				CLANG_WARN_UNGUARDED_AVAILABILITY = YES_AGGRESSIVE;
				CLANG_WARN_UNREACHABLE_CODE = YES;
				CLANG_WARN__DUPLICATE_METHOD_MATCH = YES;
				COPY_PHASE_STRIP = NO;
				DEBUG_INFORMATION_FORMAT = dwarf;
				ENABLE_STRICT_OBJC_MSGSEND = YES;
				ENABLE_TESTABILITY = YES;
				ENABLE_USER_SCRIPT_SANDBOXING = NO;
				GCC_C_LANGUAGE_STANDARD = gnu17;
				GCC_DYNAMIC_NO_PIC = NO;
				GCC_NO_COMMON_BLOCKS = YES;
				GCC_OPTIMIZATION_LEVEL = 0;
				GCC_PREPROCESSOR_DEFINITIONS = (
					"DEBUG=1",
					"$(inherited)",
				);
				GCC_WARN_64_TO_32_BIT_CONVERSION = YES;
				GCC_WARN_ABOUT_RETURN_TYPE = YES_ERROR;
				GCC_WARN_UNDECLARED_SELECTOR = YES;
				GCC_WARN_UNINITIALIZED_AUTOS = YES_AGGRESSIVE;
				GCC_WARN_UNUSED_FUNCTION = YES;
				GCC_WARN_UNUSED_VARIABLE = YES;
				IPHONEOS_DEPLOYMENT_TARGET = 17.0;
				LOCALIZATION_PREFERS_STRING_CATALOGS = YES;
				MTL_ENABLE_DEBUG_INFO = INCLUDE_SOURCE;
				MTL_FAST_MATH = YES;
				ONLY_ACTIVE_ARCH = YES;
				SDKROOT = iphoneos;
				SWIFT_ACTIVE_COMPILATION_CONDITIONS = "DEBUG $(inherited)";
				SWIFT_OPTIMIZATION_LEVEL = "-Onone";
			};
			name = Debug;
		};
		2A6BCE802B3F1A7600396357 /* Release */ = {
			isa = XCBuildConfiguration;
			buildSettings = {
				ALWAYS_SEARCH_USER_PATHS = NO;
				ASSETCATALOG_COMPILER_GENERATE_SWIFT_ASSET_SYMBOL_EXTENSIONS = YES;
				CLANG_ANALYZER_NONNULL = YES;
				CLANG_ANALYZER_NUMBER_OBJECT_CONVERSION = YES_AGGRESSIVE;
				CLANG_CXX_LANGUAGE_STANDARD = "gnu++20";
				CLANG_ENABLE_MODULES = YES;
				CLANG_ENABLE_OBJC_ARC = YES;
				CLANG_ENABLE_OBJC_WEAK = YES;
				CLANG_WARN_BLOCK_CAPTURE_AUTORELEASING = YES;
				CLANG_WARN_BOOL_CONVERSION = YES;
				CLANG_WARN_COMMA = YES;
				CLANG_WARN_CONSTANT_CONVERSION = YES;
				CLANG_WARN_DEPRECATED_OBJC_IMPLEMENTATIONS = YES;
				CLANG_WARN_DIRECT_OBJC_ISA_USAGE = YES_ERROR;
				CLANG_WARN_DOCUMENTATION_COMMENTS = YES;
				CLANG_WARN_EMPTY_BODY = YES;
				CLANG_WARN_ENUM_CONVERSION = YES;
				CLANG_WARN_INFINITE_RECURSION = YES;
				CLANG_WARN_INT_CONVERSION = YES;
				CLANG_WARN_NON_LITERAL_NULL_CONVERSION = YES;
				CLANG_WARN_OBJC_IMPLICIT_RETAIN_SELF = YES;
				CLANG_WARN_OBJC_LITERAL_CONVERSION = YES;
				CLANG_WARN_OBJC_ROOT_CLASS = YES_ERROR;
				CLANG_WARN_QUOTED_INCLUDE_IN_FRAMEWORK_HEADER = YES;
				CLANG_WARN_RANGE_LOOP_ANALYSIS = YES;
				CLANG_WARN_STRICT_PROTOTYPES = YES;
				CLANG_WARN_SUSPICIOUS_MOVE = YES;
				CLANG_WARN_UNGUARDED_AVAILABILITY = YES_AGGRESSIVE;
				CLANG_WARN_UNREACHABLE_CODE = YES;
				CLANG_WARN__DUPLICATE_METHOD_MATCH = YES;
				COPY_PHASE_STRIP = NO;
				DEBUG_INFORMATION_FORMAT = "dwarf-with-dsym";
				ENABLE_NS_ASSERTIONS = NO;
				ENABLE_STRICT_OBJC_MSGSEND = YES;
				ENABLE_USER_SCRIPT_SANDBOXING = NO;
				GCC_C_LANGUAGE_STANDARD = gnu17;
				GCC_NO_COMMON_BLOCKS = YES;
				GCC_WARN_64_TO_32_BIT_CONVERSION = YES;
				GCC_WARN_ABOUT_RETURN_TYPE = YES_ERROR;
				GCC_WARN_UNDECLARED_SELECTOR = YES;
				GCC_WARN_UNINITIALIZED_AUTOS = YES_AGGRESSIVE;
				GCC_WARN_UNUSED_FUNCTION = YES;
				GCC_WARN_UNUSED_VARIABLE = YES;
				IPHONEOS_DEPLOYMENT_TARGET = 17.0;
				LOCALIZATION_PREFERS_STRING_CATALOGS = YES;
				MTL_ENABLE_DEBUG_INFO = NO;
				MTL_FAST_MATH = YES;
				SDKROOT = iphoneos;
				SWIFT_COMPILATION_MODE = wholemodule;
				VALIDATE_PRODUCT = YES;
			};
			name = Release;
		};
		2A6BCE822B3F1A7600396357 /* Debug */ = {
			isa = XCBuildConfiguration;
			baseConfigurationReference = A525A3CE4C774D05878ED0F4 /* Pods-SeoulGo.debug.xcconfig */;
			buildSettings = {
				ALWAYS_EMBED_SWIFT_STANDARD_LIBRARIES = YES;
				ASSETCATALOG_COMPILER_APPICON_NAME = AppIcon;
				ASSETCATALOG_COMPILER_GLOBAL_ACCENT_COLOR_NAME = AccentColor;
				CODE_SIGN_ENTITLEMENTS = SeoulGo/SeoulGo.entitlements;
				CODE_SIGN_STYLE = Automatic;
				CURRENT_PROJECT_VERSION = 1;
				DEVELOPMENT_ASSET_PATHS = "\"SeoulGo/Preview Content\"";
				DEVELOPMENT_TEAM = M76T92YWCS;
				ENABLE_PREVIEWS = YES;
				GENERATE_INFOPLIST_FILE = YES;
				INFOPLIST_FILE = SeoulGo/Info.plist;
				INFOPLIST_KEY_UIApplicationSceneManifest_Generation = YES;
				INFOPLIST_KEY_UIApplicationSupportsIndirectInputEvents = YES;
				INFOPLIST_KEY_UISupportedInterfaceOrientations_iPad = "UIInterfaceOrientationPortrait UIInterfaceOrientationPortraitUpsideDown UIInterfaceOrientationLandscapeLeft UIInterfaceOrientationLandscapeRight";
				INFOPLIST_KEY_UISupportedInterfaceOrientations_iPhone = "UIInterfaceOrientationPortrait UIInterfaceOrientationLandscapeLeft UIInterfaceOrientationLandscapeRight";
				IPHONEOS_DEPLOYMENT_TARGET = 17.0;
				LD_RUNPATH_SEARCH_PATHS = (
					"$(inherited)",
					"@executable_path/Frameworks",
				);
				MARKETING_VERSION = 1.0;
				PRODUCT_BUNDLE_IDENTIFIER = kaikim.SeoulGo;
				PRODUCT_NAME = "$(TARGET_NAME)";
				SUPPORTED_PLATFORMS = "iphoneos iphonesimulator";
				SUPPORTS_MACCATALYST = NO;
				SUPPORTS_MAC_DESIGNED_FOR_IPHONE_IPAD = NO;
				SWIFT_EMIT_LOC_STRINGS = YES;
				SWIFT_VERSION = 5.0;
				TARGETED_DEVICE_FAMILY = 1;
			};
			name = Debug;
		};
		2A6BCE832B3F1A7600396357 /* Release */ = {
			isa = XCBuildConfiguration;
			baseConfigurationReference = 9B7C5DD9DB2C48FD299FB676 /* Pods-SeoulGo.release.xcconfig */;
			buildSettings = {
				ALWAYS_EMBED_SWIFT_STANDARD_LIBRARIES = YES;
				ASSETCATALOG_COMPILER_APPICON_NAME = AppIcon;
				ASSETCATALOG_COMPILER_GLOBAL_ACCENT_COLOR_NAME = AccentColor;
				CODE_SIGN_ENTITLEMENTS = SeoulGo/SeoulGo.entitlements;
				CODE_SIGN_STYLE = Automatic;
				CURRENT_PROJECT_VERSION = 1;
				DEVELOPMENT_ASSET_PATHS = "\"SeoulGo/Preview Content\"";
				DEVELOPMENT_TEAM = M76T92YWCS;
				ENABLE_PREVIEWS = YES;
				GENERATE_INFOPLIST_FILE = YES;
				INFOPLIST_FILE = SeoulGo/Info.plist;
				INFOPLIST_KEY_UIApplicationSceneManifest_Generation = YES;
				INFOPLIST_KEY_UIApplicationSupportsIndirectInputEvents = YES;
				INFOPLIST_KEY_UISupportedInterfaceOrientations_iPad = "UIInterfaceOrientationPortrait UIInterfaceOrientationPortraitUpsideDown UIInterfaceOrientationLandscapeLeft UIInterfaceOrientationLandscapeRight";
				INFOPLIST_KEY_UISupportedInterfaceOrientations_iPhone = "UIInterfaceOrientationPortrait UIInterfaceOrientationLandscapeLeft UIInterfaceOrientationLandscapeRight";
				IPHONEOS_DEPLOYMENT_TARGET = 17.0;
				LD_RUNPATH_SEARCH_PATHS = (
					"$(inherited)",
					"@executable_path/Frameworks",
				);
				MARKETING_VERSION = 1.0;
				PRODUCT_BUNDLE_IDENTIFIER = kaikim.SeoulGo;
				PRODUCT_NAME = "$(TARGET_NAME)";
				SUPPORTED_PLATFORMS = "iphoneos iphonesimulator";
				SUPPORTS_MACCATALYST = NO;
				SUPPORTS_MAC_DESIGNED_FOR_IPHONE_IPAD = NO;
				SWIFT_EMIT_LOC_STRINGS = YES;
				SWIFT_VERSION = 5.0;
				TARGETED_DEVICE_FAMILY = 1;
			};
			name = Release;
		};
		2A6BCE852B3F1A7600396357 /* Debug */ = {
			isa = XCBuildConfiguration;
			baseConfigurationReference = 093FF45B5BA66D730C85938C /* Pods-SeoulGoTests.debug.xcconfig */;
			buildSettings = {
				ALWAYS_EMBED_SWIFT_STANDARD_LIBRARIES = YES;
				BUNDLE_LOADER = "$(TEST_HOST)";
				CODE_SIGN_STYLE = Automatic;
				CURRENT_PROJECT_VERSION = 1;
				DEVELOPMENT_TEAM = M76T92YWCS;
				GENERATE_INFOPLIST_FILE = YES;
				IPHONEOS_DEPLOYMENT_TARGET = 17.0;
				MARKETING_VERSION = 1.0;
				PRODUCT_BUNDLE_IDENTIFIER = kaikim.SeoulGoTests;
				PRODUCT_NAME = "$(TARGET_NAME)";
				SWIFT_EMIT_LOC_STRINGS = NO;
				SWIFT_VERSION = 5.0;
				TARGETED_DEVICE_FAMILY = "1,2";
				TEST_HOST = "$(BUILT_PRODUCTS_DIR)/SeoulGo.app/$(BUNDLE_EXECUTABLE_FOLDER_PATH)/SeoulGo";
			};
			name = Debug;
		};
		2A6BCE862B3F1A7600396357 /* Release */ = {
			isa = XCBuildConfiguration;
			baseConfigurationReference = DBB11D960C093B40B12977DF /* Pods-SeoulGoTests.release.xcconfig */;
			buildSettings = {
				ALWAYS_EMBED_SWIFT_STANDARD_LIBRARIES = YES;
				BUNDLE_LOADER = "$(TEST_HOST)";
				CODE_SIGN_STYLE = Automatic;
				CURRENT_PROJECT_VERSION = 1;
				DEVELOPMENT_TEAM = M76T92YWCS;
				GENERATE_INFOPLIST_FILE = YES;
				IPHONEOS_DEPLOYMENT_TARGET = 17.0;
				MARKETING_VERSION = 1.0;
				PRODUCT_BUNDLE_IDENTIFIER = kaikim.SeoulGoTests;
				PRODUCT_NAME = "$(TARGET_NAME)";
				SWIFT_EMIT_LOC_STRINGS = NO;
				SWIFT_VERSION = 5.0;
				TARGETED_DEVICE_FAMILY = "1,2";
				TEST_HOST = "$(BUILT_PRODUCTS_DIR)/SeoulGo.app/$(BUNDLE_EXECUTABLE_FOLDER_PATH)/SeoulGo";
			};
			name = Release;
		};
		2A6BCE882B3F1A7600396357 /* Debug */ = {
			isa = XCBuildConfiguration;
			baseConfigurationReference = C9A30FCE8A3F366688DDF071 /* Pods-SeoulGo-SeoulGoUITests.debug.xcconfig */;
			buildSettings = {
				ALWAYS_EMBED_SWIFT_STANDARD_LIBRARIES = YES;
				CODE_SIGN_STYLE = Automatic;
				CURRENT_PROJECT_VERSION = 1;
				DEVELOPMENT_TEAM = M76T92YWCS;
				GENERATE_INFOPLIST_FILE = YES;
				MARKETING_VERSION = 1.0;
				PRODUCT_BUNDLE_IDENTIFIER = kaikim.SeoulGoUITests;
				PRODUCT_NAME = "$(TARGET_NAME)";
				SWIFT_EMIT_LOC_STRINGS = NO;
				SWIFT_VERSION = 5.0;
				TARGETED_DEVICE_FAMILY = "1,2";
				TEST_TARGET_NAME = SeoulGo;
			};
			name = Debug;
		};
		2A6BCE892B3F1A7600396357 /* Release */ = {
			isa = XCBuildConfiguration;
			baseConfigurationReference = 408AD29C6837C1E050FCE64C /* Pods-SeoulGo-SeoulGoUITests.release.xcconfig */;
			buildSettings = {
				ALWAYS_EMBED_SWIFT_STANDARD_LIBRARIES = YES;
				CODE_SIGN_STYLE = Automatic;
				CURRENT_PROJECT_VERSION = 1;
				DEVELOPMENT_TEAM = M76T92YWCS;
				GENERATE_INFOPLIST_FILE = YES;
				MARKETING_VERSION = 1.0;
				PRODUCT_BUNDLE_IDENTIFIER = kaikim.SeoulGoUITests;
				PRODUCT_NAME = "$(TARGET_NAME)";
				SWIFT_EMIT_LOC_STRINGS = NO;
				SWIFT_VERSION = 5.0;
				TARGETED_DEVICE_FAMILY = "1,2";
				TEST_TARGET_NAME = SeoulGo;
			};
			name = Release;
		};
/* End XCBuildConfiguration section */

/* Begin XCConfigurationList section */
		2A1925482B566BF100549503 /* Build configuration list for PBXNativeTarget "SeoulGoWidgetExtension" */ = {
			isa = XCConfigurationList;
			buildConfigurations = (
				2A1925462B566BF100549503 /* Debug */,
				2A1925472B566BF100549503 /* Release */,
			);
			defaultConfigurationIsVisible = 0;
			defaultConfigurationName = Release;
		};
		2A6BCE562B3F1A7500396357 /* Build configuration list for PBXProject "SeoulGo" */ = {
			isa = XCConfigurationList;
			buildConfigurations = (
				2A6BCE7F2B3F1A7600396357 /* Debug */,
				2A6BCE802B3F1A7600396357 /* Release */,
			);
			defaultConfigurationIsVisible = 0;
			defaultConfigurationName = Release;
		};
		2A6BCE812B3F1A7600396357 /* Build configuration list for PBXNativeTarget "SeoulGo" */ = {
			isa = XCConfigurationList;
			buildConfigurations = (
				2A6BCE822B3F1A7600396357 /* Debug */,
				2A6BCE832B3F1A7600396357 /* Release */,
			);
			defaultConfigurationIsVisible = 0;
			defaultConfigurationName = Release;
		};
		2A6BCE842B3F1A7600396357 /* Build configuration list for PBXNativeTarget "SeoulGoTests" */ = {
			isa = XCConfigurationList;
			buildConfigurations = (
				2A6BCE852B3F1A7600396357 /* Debug */,
				2A6BCE862B3F1A7600396357 /* Release */,
			);
			defaultConfigurationIsVisible = 0;
			defaultConfigurationName = Release;
		};
		2A6BCE872B3F1A7600396357 /* Build configuration list for PBXNativeTarget "SeoulGoUITests" */ = {
			isa = XCConfigurationList;
			buildConfigurations = (
				2A6BCE882B3F1A7600396357 /* Debug */,
				2A6BCE892B3F1A7600396357 /* Release */,
			);
			defaultConfigurationIsVisible = 0;
			defaultConfigurationName = Release;
		};
/* End XCConfigurationList section */
	};
	rootObject = 2A6BCE532B3F1A7500396357 /* Project object */;
}
